PODS:
  - Alamofire (5.8.1)
  - Kingfisher (7.11.0)

DEPENDENCIES:
  - Alamofire
  - Kingfisher

SPEC REPOS:
  trunk:
    - Alamofire
    - Kingfisher

SPEC CHECKSUMS:
  Alamofire: 3ca42e259043ee0dc5c0cdd76c4bc568b8e42af7
  Kingfisher: b9c985d864d43515f404f1ef4a8ce7d802ace3ac

PODFILE CHECKSUM: fdc12389beb97f4d27fe705cc1aec76366cadeb3

COCOAPODS: 1.16.2
