// !$*UTF8*$!
{
	archiveVersion = 1;
	classes = {
	};
	objectVersion = 56;
	objects = {

/* Begin PBXBuildFile section */
		01400E2AE3E185F7E3765D23 /* Pods_Pokmon_PokmonUITests.framework in Frameworks */ = {isa = PBXBuildFile; fileRef = A4BEFFE5D619E4F9FCA980F9 /* Pods_Pokmon_PokmonUITests.framework */; };
		0D35313C2B9C42AE00A995DE /* PokemonDeatilPageViewController.swift in Sources */ = {isa = PBXBuildFile; fileRef = 0D35313B2B9C42AE00A995DE /* PokemonDeatilPageViewController.swift */; };
		0D35313F2B9C454100A995DE /* HUDTracker.swift in Sources */ = {isa = PBXBuildFile; fileRef = 0D35313E2B9C454100A995DE /* HUDTracker.swift */; };
		0D3531412B9C455E00A995DE /* ErrorTracker.swift in Sources */ = {isa = PBXBuildFile; fileRef = 0D3531402B9C455E00A995DE /* ErrorTracker.swift */; };
		0D3531432B9C558B00A995DE /* UIView+Extension.swift in Sources */ = {isa = PBXBuildFile; fileRef = 0D3531422B9C558B00A995DE /* UIView+Extension.swift */; };
		0D3531472B9C619500A995DE /* FavoriteUseCase.swift in Sources */ = {isa = PBXBuildFile; fileRef = 0D3531462B9C619500A995DE /* FavoriteUseCase.swift */; };
		0DD0AB282B9D68A1001A77EE /* PokemonDetailInfoCell.xib in Resources */ = {isa = PBXBuildFile; fileRef = 0DD0AB272B9D68A1001A77EE /* PokemonDetailInfoCell.xib */; };
		0DD0AB292B9D68A1001A77EE /* PokemonDetailInfoCell.swift in Sources */ = {isa = PBXBuildFile; fileRef = 0DD0AB262B9D68A1001A77EE /* PokemonDetailInfoCell.swift */; };
		0DD0AB2B2B9D74F6001A77EE /* PokemonSpeciesResponse.swift in Sources */ = {isa = PBXBuildFile; fileRef = 0DD0AB2A2B9D74F6001A77EE /* PokemonSpeciesResponse.swift */; };
		0DD0AB362B9D78BC001A77EE /* GenderImageCollectionCell.xib in Resources */ = {isa = PBXBuildFile; fileRef = 0DD0AB352B9D78BC001A77EE /* GenderImageCollectionCell.xib */; };
		0DD0AB372B9D78BC001A77EE /* GenderImageCollectionCell.swift in Sources */ = {isa = PBXBuildFile; fileRef = 0DD0AB342B9D78BC001A77EE /* GenderImageCollectionCell.swift */; };
		0DD0AB3D2B9DE849001A77EE /* PokemonDeatilPageViewModel.swift in Sources */ = {isa = PBXBuildFile; fileRef = 0DD0AB3C2B9DE849001A77EE /* PokemonDeatilPageViewModel.swift */; };
		0DD0AB432B9E1049001A77EE /* StatView.swift in Sources */ = {isa = PBXBuildFile; fileRef = 0DD0AB422B9E1049001A77EE /* StatView.swift */; };
		0DD0AB452B9E1B42001A77EE /* StatTableViewCell.swift in Sources */ = {isa = PBXBuildFile; fileRef = 0DD0AB442B9E1B42001A77EE /* StatTableViewCell.swift */; };
		277680186F638C522BF9D1D2 /* Pods_PokmonTests.framework in Frameworks */ = {isa = PBXBuildFile; fileRef = 9322E6B65FC4845E4844177B /* Pods_PokmonTests.framework */; };
		6445D8332B99C43C0028E2C1 /* AppDelegate.swift in Sources */ = {isa = PBXBuildFile; fileRef = 6445D8322B99C43C0028E2C1 /* AppDelegate.swift */; };
		6445D8352B99C43C0028E2C1 /* SceneDelegate.swift in Sources */ = {isa = PBXBuildFile; fileRef = 6445D8342B99C43C0028E2C1 /* SceneDelegate.swift */; };
		6445D8372B99C43C0028E2C1 /* PokemonListViewController.swift in Sources */ = {isa = PBXBuildFile; fileRef = 6445D8362B99C43C0028E2C1 /* PokemonListViewController.swift */; };
		6445D83C2B99C43D0028E2C1 /* Assets.xcassets in Resources */ = {isa = PBXBuildFile; fileRef = 6445D83B2B99C43D0028E2C1 /* Assets.xcassets */; };
		6445D83F2B99C43D0028E2C1 /* LaunchScreen.storyboard in Resources */ = {isa = PBXBuildFile; fileRef = 6445D83D2B99C43D0028E2C1 /* LaunchScreen.storyboard */; };
		6445D84A2B99C43D0028E2C1 /* PokmonTests.swift in Sources */ = {isa = PBXBuildFile; fileRef = 6445D8492B99C43D0028E2C1 /* PokmonTests.swift */; };
		6445D8542B99C43D0028E2C1 /* PokmonUITests.swift in Sources */ = {isa = PBXBuildFile; fileRef = 6445D8532B99C43D0028E2C1 /* PokmonUITests.swift */; };
		6445D8562B99C43D0028E2C1 /* PokmonUITestsLaunchTests.swift in Sources */ = {isa = PBXBuildFile; fileRef = 6445D8552B99C43D0028E2C1 /* PokmonUITestsLaunchTests.swift */; };
		64567A36596E0953B61E2E79 /* Pods_Pokmon.framework in Frameworks */ = {isa = PBXBuildFile; fileRef = AC9CE7631227BC66CD5B72D0 /* Pods_Pokmon.framework */; };
		64C766CB2B99C7D6001A7A70 /* Endpoint.swift in Sources */ = {isa = PBXBuildFile; fileRef = 64C766CA2B99C7D6001A7A70 /* Endpoint.swift */; };
		64C766CD2B99C7ED001A7A70 /* NetworkService.swift in Sources */ = {isa = PBXBuildFile; fileRef = 64C766CC2B99C7ED001A7A70 /* NetworkService.swift */; };
		64C766CF2B99C84C001A7A70 /* Encodable++Extension.swift in Sources */ = {isa = PBXBuildFile; fileRef = 64C766CE2B99C84C001A7A70 /* Encodable++Extension.swift */; };
		64C766D12B99C9D1001A7A70 /* PkError.swift in Sources */ = {isa = PBXBuildFile; fileRef = 64C766D02B99C9D1001A7A70 /* PkError.swift */; };
		64C766D42B99CA54001A7A70 /* PokemonListEndpont.swift in Sources */ = {isa = PBXBuildFile; fileRef = 64C766D32B99CA54001A7A70 /* PokemonListEndpont.swift */; };
		64C766D72B99CA73001A7A70 /* PokemonListResponse.swift in Sources */ = {isa = PBXBuildFile; fileRef = 64C766D62B99CA73001A7A70 /* PokemonListResponse.swift */; };
		64C766DA2B9AAA39001A7A70 /* PokemonEndpoint.swift in Sources */ = {isa = PBXBuildFile; fileRef = 64C766D92B9AAA39001A7A70 /* PokemonEndpoint.swift */; };
		64C766DC2B9AC0AE001A7A70 /* PokomBaseElementInfo.swift in Sources */ = {isa = PBXBuildFile; fileRef = 64C766DB2B9AC0AE001A7A70 /* PokomBaseElementInfo.swift */; };
		64C766DE2B9AE576001A7A70 /* PokmonResponse.swift in Sources */ = {isa = PBXBuildFile; fileRef = 64C766DD2B9AE576001A7A70 /* PokmonResponse.swift */; };
		64C766E02B9AE5A0001A7A70 /* UIColor++Extension.swift in Sources */ = {isa = PBXBuildFile; fileRef = 64C766DF2B9AE5A0001A7A70 /* UIColor++Extension.swift */; };
		64C766E22B9AE8ED001A7A70 /* PokemonSpeciesEndpoint.swift in Sources */ = {isa = PBXBuildFile; fileRef = 64C766E12B9AE8ED001A7A70 /* PokemonSpeciesEndpoint.swift */; };
		64C766E42B9B0E87001A7A70 /* TypeCornerButton.swift in Sources */ = {isa = PBXBuildFile; fileRef = 64C766E32B9B0E87001A7A70 /* TypeCornerButton.swift */; };
		64C766E72B9B1747001A7A70 /* PokemonCell.swift in Sources */ = {isa = PBXBuildFile; fileRef = 64C766E62B9B1747001A7A70 /* PokemonCell.swift */; };
		64C766E92B9B175D001A7A70 /* CellViewModel.swift in Sources */ = {isa = PBXBuildFile; fileRef = 64C766E82B9B175D001A7A70 /* CellViewModel.swift */; };
		64C766EB2B9B179F001A7A70 /* PokemonListViewModel.swift in Sources */ = {isa = PBXBuildFile; fileRef = 64C766EA2B9B179F001A7A70 /* PokemonListViewModel.swift */; };
		64C766EE2B9B1DCD001A7A70 /* EmptyView.swift in Sources */ = {isa = PBXBuildFile; fileRef = 64C766ED2B9B1DCD001A7A70 /* EmptyView.swift */; };
		64C766F02B9B1F12001A7A70 /* IndicatorView.swift in Sources */ = {isa = PBXBuildFile; fileRef = 64C766EF2B9B1F12001A7A70 /* IndicatorView.swift */; };
/* End PBXBuildFile section */

/* Begin PBXContainerItemProxy section */
		6445D8462B99C43D0028E2C1 /* PBXContainerItemProxy */ = {
			isa = PBXContainerItemProxy;
			containerPortal = 6445D8272B99C43C0028E2C1 /* Project object */;
			proxyType = 1;
			remoteGlobalIDString = 6445D82E2B99C43C0028E2C1;
			remoteInfo = Pokmon;
		};
		6445D8502B99C43D0028E2C1 /* PBXContainerItemProxy */ = {
			isa = PBXContainerItemProxy;
			containerPortal = 6445D8272B99C43C0028E2C1 /* Project object */;
			proxyType = 1;
			remoteGlobalIDString = 6445D82E2B99C43C0028E2C1;
			remoteInfo = Pokmon;
		};
/* End PBXContainerItemProxy section */

/* Begin PBXFileReference section */
		0D35313B2B9C42AE00A995DE /* PokemonDeatilPageViewController.swift */ = {isa = PBXFileReference; lastKnownFileType = sourcecode.swift; path = PokemonDeatilPageViewController.swift; sourceTree = "<group>"; };
		0D35313E2B9C454100A995DE /* HUDTracker.swift */ = {isa = PBXFileReference; lastKnownFileType = sourcecode.swift; path = HUDTracker.swift; sourceTree = "<group>"; };
		0D3531402B9C455E00A995DE /* ErrorTracker.swift */ = {isa = PBXFileReference; lastKnownFileType = sourcecode.swift; path = ErrorTracker.swift; sourceTree = "<group>"; };
		0D3531422B9C558B00A995DE /* UIView+Extension.swift */ = {isa = PBXFileReference; lastKnownFileType = sourcecode.swift; path = "UIView+Extension.swift"; sourceTree = "<group>"; };
		0D3531462B9C619500A995DE /* FavoriteUseCase.swift */ = {isa = PBXFileReference; lastKnownFileType = sourcecode.swift; path = FavoriteUseCase.swift; sourceTree = "<group>"; };
		0DD0AB262B9D68A1001A77EE /* PokemonDetailInfoCell.swift */ = {isa = PBXFileReference; lastKnownFileType = sourcecode.swift; path = PokemonDetailInfoCell.swift; sourceTree = "<group>"; };
		0DD0AB272B9D68A1001A77EE /* PokemonDetailInfoCell.xib */ = {isa = PBXFileReference; lastKnownFileType = file.xib; path = PokemonDetailInfoCell.xib; sourceTree = "<group>"; };
		0DD0AB2A2B9D74F6001A77EE /* PokemonSpeciesResponse.swift */ = {isa = PBXFileReference; lastKnownFileType = sourcecode.swift; path = PokemonSpeciesResponse.swift; sourceTree = "<group>"; };
		0DD0AB342B9D78BC001A77EE /* GenderImageCollectionCell.swift */ = {isa = PBXFileReference; lastKnownFileType = sourcecode.swift; path = GenderImageCollectionCell.swift; sourceTree = "<group>"; };
		0DD0AB352B9D78BC001A77EE /* GenderImageCollectionCell.xib */ = {isa = PBXFileReference; lastKnownFileType = file.xib; path = GenderImageCollectionCell.xib; sourceTree = "<group>"; };
		0DD0AB3C2B9DE849001A77EE /* PokemonDeatilPageViewModel.swift */ = {isa = PBXFileReference; lastKnownFileType = sourcecode.swift; path = PokemonDeatilPageViewModel.swift; sourceTree = "<group>"; };
		0DD0AB422B9E1049001A77EE /* StatView.swift */ = {isa = PBXFileReference; lastKnownFileType = sourcecode.swift; path = StatView.swift; sourceTree = "<group>"; };
		0DD0AB442B9E1B42001A77EE /* StatTableViewCell.swift */ = {isa = PBXFileReference; lastKnownFileType = sourcecode.swift; path = StatTableViewCell.swift; sourceTree = "<group>"; };
		6445D82F2B99C43C0028E2C1 /* Pokmon.app */ = {isa = PBXFileReference; explicitFileType = wrapper.application; includeInIndex = 0; path = Pokmon.app; sourceTree = BUILT_PRODUCTS_DIR; };
		6445D8322B99C43C0028E2C1 /* AppDelegate.swift */ = {isa = PBXFileReference; lastKnownFileType = sourcecode.swift; path = AppDelegate.swift; sourceTree = "<group>"; };
		6445D8342B99C43C0028E2C1 /* SceneDelegate.swift */ = {isa = PBXFileReference; lastKnownFileType = sourcecode.swift; path = SceneDelegate.swift; sourceTree = "<group>"; };
		6445D8362B99C43C0028E2C1 /* PokemonListViewController.swift */ = {isa = PBXFileReference; lastKnownFileType = sourcecode.swift; path = PokemonListViewController.swift; sourceTree = "<group>"; };
		6445D83B2B99C43D0028E2C1 /* Assets.xcassets */ = {isa = PBXFileReference; lastKnownFileType = folder.assetcatalog; path = Assets.xcassets; sourceTree = "<group>"; };
		6445D83E2B99C43D0028E2C1 /* Base */ = {isa = PBXFileReference; lastKnownFileType = file.storyboard; name = Base; path = Base.lproj/LaunchScreen.storyboard; sourceTree = "<group>"; };
		6445D8402B99C43D0028E2C1 /* Info.plist */ = {isa = PBXFileReference; lastKnownFileType = text.plist.xml; path = Info.plist; sourceTree = "<group>"; };
		6445D8452B99C43D0028E2C1 /* PokmonTests.xctest */ = {isa = PBXFileReference; explicitFileType = wrapper.cfbundle; includeInIndex = 0; path = PokmonTests.xctest; sourceTree = BUILT_PRODUCTS_DIR; };
		6445D8492B99C43D0028E2C1 /* PokmonTests.swift */ = {isa = PBXFileReference; lastKnownFileType = sourcecode.swift; path = PokmonTests.swift; sourceTree = "<group>"; };
		6445D84F2B99C43D0028E2C1 /* PokmonUITests.xctest */ = {isa = PBXFileReference; explicitFileType = wrapper.cfbundle; includeInIndex = 0; path = PokmonUITests.xctest; sourceTree = BUILT_PRODUCTS_DIR; };
		6445D8532B99C43D0028E2C1 /* PokmonUITests.swift */ = {isa = PBXFileReference; lastKnownFileType = sourcecode.swift; path = PokmonUITests.swift; sourceTree = "<group>"; };
		6445D8552B99C43D0028E2C1 /* PokmonUITestsLaunchTests.swift */ = {isa = PBXFileReference; lastKnownFileType = sourcecode.swift; path = PokmonUITestsLaunchTests.swift; sourceTree = "<group>"; };
		64C766CA2B99C7D6001A7A70 /* Endpoint.swift */ = {isa = PBXFileReference; lastKnownFileType = sourcecode.swift; path = Endpoint.swift; sourceTree = "<group>"; };
		64C766CC2B99C7ED001A7A70 /* NetworkService.swift */ = {isa = PBXFileReference; lastKnownFileType = sourcecode.swift; path = NetworkService.swift; sourceTree = "<group>"; };
		64C766CE2B99C84C001A7A70 /* Encodable++Extension.swift */ = {isa = PBXFileReference; lastKnownFileType = sourcecode.swift; path = "Encodable++Extension.swift"; sourceTree = "<group>"; };
		64C766D02B99C9D1001A7A70 /* PkError.swift */ = {isa = PBXFileReference; lastKnownFileType = sourcecode.swift; path = PkError.swift; sourceTree = "<group>"; };
		64C766D32B99CA54001A7A70 /* PokemonListEndpont.swift */ = {isa = PBXFileReference; lastKnownFileType = sourcecode.swift; path = PokemonListEndpont.swift; sourceTree = "<group>"; };
		64C766D62B99CA73001A7A70 /* PokemonListResponse.swift */ = {isa = PBXFileReference; lastKnownFileType = sourcecode.swift; path = PokemonListResponse.swift; sourceTree = "<group>"; };
		64C766D92B9AAA39001A7A70 /* PokemonEndpoint.swift */ = {isa = PBXFileReference; lastKnownFileType = sourcecode.swift; path = PokemonEndpoint.swift; sourceTree = "<group>"; };
		64C766DB2B9AC0AE001A7A70 /* PokomBaseElementInfo.swift */ = {isa = PBXFileReference; lastKnownFileType = sourcecode.swift; path = PokomBaseElementInfo.swift; sourceTree = "<group>"; };
		64C766DD2B9AE576001A7A70 /* PokmonResponse.swift */ = {isa = PBXFileReference; lastKnownFileType = sourcecode.swift; path = PokmonResponse.swift; sourceTree = "<group>"; };
		64C766DF2B9AE5A0001A7A70 /* UIColor++Extension.swift */ = {isa = PBXFileReference; lastKnownFileType = sourcecode.swift; path = "UIColor++Extension.swift"; sourceTree = "<group>"; };
		64C766E12B9AE8ED001A7A70 /* PokemonSpeciesEndpoint.swift */ = {isa = PBXFileReference; lastKnownFileType = sourcecode.swift; path = PokemonSpeciesEndpoint.swift; sourceTree = "<group>"; };
		64C766E32B9B0E87001A7A70 /* TypeCornerButton.swift */ = {isa = PBXFileReference; lastKnownFileType = sourcecode.swift; path = TypeCornerButton.swift; sourceTree = "<group>"; };
		64C766E62B9B1747001A7A70 /* PokemonCell.swift */ = {isa = PBXFileReference; lastKnownFileType = sourcecode.swift; path = PokemonCell.swift; sourceTree = "<group>"; };
		64C766E82B9B175D001A7A70 /* CellViewModel.swift */ = {isa = PBXFileReference; lastKnownFileType = sourcecode.swift; path = CellViewModel.swift; sourceTree = "<group>"; };
		64C766EA2B9B179F001A7A70 /* PokemonListViewModel.swift */ = {isa = PBXFileReference; lastKnownFileType = sourcecode.swift; path = PokemonListViewModel.swift; sourceTree = "<group>"; };
		64C766ED2B9B1DCD001A7A70 /* EmptyView.swift */ = {isa = PBXFileReference; lastKnownFileType = sourcecode.swift; path = EmptyView.swift; sourceTree = "<group>"; };
		64C766EF2B9B1F12001A7A70 /* IndicatorView.swift */ = {isa = PBXFileReference; lastKnownFileType = sourcecode.swift; path = IndicatorView.swift; sourceTree = "<group>"; };
		70A26F37C95A81FB93451C9B /* Pods-Pokmon.debug.xcconfig */ = {isa = PBXFileReference; includeInIndex = 1; lastKnownFileType = text.xcconfig; name = "Pods-Pokmon.debug.xcconfig"; path = "Target Support Files/Pods-Pokmon/Pods-Pokmon.debug.xcconfig"; sourceTree = "<group>"; };
		8A2B226E49A9FE525BAC5696 /* Pods-PokmonTests.debug.xcconfig */ = {isa = PBXFileReference; includeInIndex = 1; lastKnownFileType = text.xcconfig; name = "Pods-PokmonTests.debug.xcconfig"; path = "Target Support Files/Pods-PokmonTests/Pods-PokmonTests.debug.xcconfig"; sourceTree = "<group>"; };
		8E10D9AAEC1959DA0D16D5D3 /* Pods-Pokmon-PokmonUITests.debug.xcconfig */ = {isa = PBXFileReference; includeInIndex = 1; lastKnownFileType = text.xcconfig; name = "Pods-Pokmon-PokmonUITests.debug.xcconfig"; path = "Target Support Files/Pods-Pokmon-PokmonUITests/Pods-Pokmon-PokmonUITests.debug.xcconfig"; sourceTree = "<group>"; };
		9322E6B65FC4845E4844177B /* Pods_PokmonTests.framework */ = {isa = PBXFileReference; explicitFileType = wrapper.framework; includeInIndex = 0; path = Pods_PokmonTests.framework; sourceTree = BUILT_PRODUCTS_DIR; };
		A4BEFFE5D619E4F9FCA980F9 /* Pods_Pokmon_PokmonUITests.framework */ = {isa = PBXFileReference; explicitFileType = wrapper.framework; includeInIndex = 0; path = Pods_Pokmon_PokmonUITests.framework; sourceTree = BUILT_PRODUCTS_DIR; };
		AC9CE7631227BC66CD5B72D0 /* Pods_Pokmon.framework */ = {isa = PBXFileReference; explicitFileType = wrapper.framework; includeInIndex = 0; path = Pods_Pokmon.framework; sourceTree = BUILT_PRODUCTS_DIR; };
		BC5FDD4056F58C5EA580AEF9 /* Pods-Pokmon.release.xcconfig */ = {isa = PBXFileReference; includeInIndex = 1; lastKnownFileType = text.xcconfig; name = "Pods-Pokmon.release.xcconfig"; path = "Target Support Files/Pods-Pokmon/Pods-Pokmon.release.xcconfig"; sourceTree = "<group>"; };
		D06215AE50CFEFAE40288C5D /* Pods-PokmonTests.release.xcconfig */ = {isa = PBXFileReference; includeInIndex = 1; lastKnownFileType = text.xcconfig; name = "Pods-PokmonTests.release.xcconfig"; path = "Target Support Files/Pods-PokmonTests/Pods-PokmonTests.release.xcconfig"; sourceTree = "<group>"; };
		D181F9C5F15DFAA28B0C08EB /* Pods-Pokmon-PokmonUITests.release.xcconfig */ = {isa = PBXFileReference; includeInIndex = 1; lastKnownFileType = text.xcconfig; name = "Pods-Pokmon-PokmonUITests.release.xcconfig"; path = "Target Support Files/Pods-Pokmon-PokmonUITests/Pods-Pokmon-PokmonUITests.release.xcconfig"; sourceTree = "<group>"; };
/* End PBXFileReference section */

/* Begin PBXFrameworksBuildPhase section */
		6445D82C2B99C43C0028E2C1 /* Frameworks */ = {
			isa = PBXFrameworksBuildPhase;
			buildActionMask = 2147483647;
			files = (
				64567A36596E0953B61E2E79 /* Pods_Pokmon.framework in Frameworks */,
			);
			runOnlyForDeploymentPostprocessing = 0;
		};
		6445D8422B99C43D0028E2C1 /* Frameworks */ = {
			isa = PBXFrameworksBuildPhase;
			buildActionMask = 2147483647;
			files = (
				277680186F638C522BF9D1D2 /* Pods_PokmonTests.framework in Frameworks */,
			);
			runOnlyForDeploymentPostprocessing = 0;
		};
		6445D84C2B99C43D0028E2C1 /* Frameworks */ = {
			isa = PBXFrameworksBuildPhase;
			buildActionMask = 2147483647;
			files = (
				01400E2AE3E185F7E3765D23 /* Pods_Pokmon_PokmonUITests.framework in Frameworks */,
			);
			runOnlyForDeploymentPostprocessing = 0;
		};
/* End PBXFrameworksBuildPhase section */

/* Begin PBXGroup section */
		0D35313D2B9C452B00A995DE /* Extension */ = {
			isa = PBXGroup;
			children = (
				64C766CE2B99C84C001A7A70 /* Encodable++Extension.swift */,
				64C766DF2B9AE5A0001A7A70 /* UIColor++Extension.swift */,
				0D3531422B9C558B00A995DE /* UIView+Extension.swift */,
			);
			path = Extension;
			sourceTree = "<group>";
		};
		0D3531442B9C617400A995DE /* Model */ = {
			isa = PBXGroup;
			children = (
				0D3531452B9C618700A995DE /* UseCase */,
				64C766C92B99C7BF001A7A70 /* NetworkService */,
				0D35313E2B9C454100A995DE /* HUDTracker.swift */,
				0D3531402B9C455E00A995DE /* ErrorTracker.swift */,
			);
			path = Model;
			sourceTree = "<group>";
		};
		0D3531452B9C618700A995DE /* UseCase */ = {
			isa = PBXGroup;
			children = (
				0D3531462B9C619500A995DE /* FavoriteUseCase.swift */,
			);
			path = UseCase;
			sourceTree = "<group>";
		};
		0DD0AB382B9DE811001A77EE /* List */ = {
			isa = PBXGroup;
			children = (
				0DD0AB3B2B9DE830001A77EE /* Cell */,
				6445D8362B99C43C0028E2C1 /* PokemonListViewController.swift */,
				64C766EA2B9B179F001A7A70 /* PokemonListViewModel.swift */,
			);
			path = List;
			sourceTree = "<group>";
		};
		0DD0AB392B9DE81C001A77EE /* Detail */ = {
			isa = PBXGroup;
			children = (
				0DD0AB3A2B9DE827001A77EE /* Cell */,
				0D35313B2B9C42AE00A995DE /* PokemonDeatilPageViewController.swift */,
				0DD0AB3C2B9DE849001A77EE /* PokemonDeatilPageViewModel.swift */,
			);
			path = Detail;
			sourceTree = "<group>";
		};
		0DD0AB3A2B9DE827001A77EE /* Cell */ = {
			isa = PBXGroup;
			children = (
				0DD0AB262B9D68A1001A77EE /* PokemonDetailInfoCell.swift */,
				0DD0AB272B9D68A1001A77EE /* PokemonDetailInfoCell.xib */,
				0DD0AB342B9D78BC001A77EE /* GenderImageCollectionCell.swift */,
				0DD0AB352B9D78BC001A77EE /* GenderImageCollectionCell.xib */,
				0DD0AB422B9E1049001A77EE /* StatView.swift */,
				0DD0AB442B9E1B42001A77EE /* StatTableViewCell.swift */,
			);
			path = Cell;
			sourceTree = "<group>";
		};
		0DD0AB3B2B9DE830001A77EE /* Cell */ = {
			isa = PBXGroup;
			children = (
				64C766E62B9B1747001A7A70 /* PokemonCell.swift */,
				64C766E82B9B175D001A7A70 /* CellViewModel.swift */,
			);
			path = Cell;
			sourceTree = "<group>";
		};
		634A8A8DB702F629241A8913 /* Frameworks */ = {
			isa = PBXGroup;
			children = (
				AC9CE7631227BC66CD5B72D0 /* Pods_Pokmon.framework */,
				A4BEFFE5D619E4F9FCA980F9 /* Pods_Pokmon_PokmonUITests.framework */,
				9322E6B65FC4845E4844177B /* Pods_PokmonTests.framework */,
			);
			name = Frameworks;
			sourceTree = "<group>";
		};
		6445D8262B99C43C0028E2C1 = {
			isa = PBXGroup;
			children = (
				6445D8312B99C43C0028E2C1 /* Pokmon */,
				6445D8482B99C43D0028E2C1 /* PokmonTests */,
				6445D8522B99C43D0028E2C1 /* PokmonUITests */,
				6445D8302B99C43C0028E2C1 /* Products */,
				7513E289409E25C4717015F3 /* Pods */,
				634A8A8DB702F629241A8913 /* Frameworks */,
			);
			sourceTree = "<group>";
		};
		6445D8302B99C43C0028E2C1 /* Products */ = {
			isa = PBXGroup;
			children = (
				6445D82F2B99C43C0028E2C1 /* Pokmon.app */,
				6445D8452B99C43D0028E2C1 /* PokmonTests.xctest */,
				6445D84F2B99C43D0028E2C1 /* PokmonUITests.xctest */,
			);
			name = Products;
			sourceTree = "<group>";
		};
		6445D8312B99C43C0028E2C1 /* Pokmon */ = {
			isa = PBXGroup;
			children = (
				6445D8322B99C43C0028E2C1 /* AppDelegate.swift */,
				6445D8342B99C43C0028E2C1 /* SceneDelegate.swift */,
				64C766EC2B9B17BC001A7A70 /* Feature */,
				0D3531442B9C617400A995DE /* Model */,
				6445D83B2B99C43D0028E2C1 /* Assets.xcassets */,
				6445D83D2B99C43D0028E2C1 /* LaunchScreen.storyboard */,
				0D35313D2B9C452B00A995DE /* Extension */,
				6445D8402B99C43D0028E2C1 /* Info.plist */,
			);
			path = Pokmon;
			sourceTree = "<group>";
		};
		6445D8482B99C43D0028E2C1 /* PokmonTests */ = {
			isa = PBXGroup;
			children = (
				6445D8492B99C43D0028E2C1 /* PokmonTests.swift */,
			);
			path = PokmonTests;
			sourceTree = "<group>";
		};
		6445D8522B99C43D0028E2C1 /* PokmonUITests */ = {
			isa = PBXGroup;
			children = (
				6445D8532B99C43D0028E2C1 /* PokmonUITests.swift */,
				6445D8552B99C43D0028E2C1 /* PokmonUITestsLaunchTests.swift */,
			);
			path = PokmonUITests;
			sourceTree = "<group>";
		};
		64C766C92B99C7BF001A7A70 /* NetworkService */ = {
			isa = PBXGroup;
			children = (
				64C766D52B99CA68001A7A70 /* Response */,
				64C766D22B99CA2B001A7A70 /* EndPoints */,
				64C766CA2B99C7D6001A7A70 /* Endpoint.swift */,
				64C766CC2B99C7ED001A7A70 /* NetworkService.swift */,
				64C766D02B99C9D1001A7A70 /* PkError.swift */,
			);
			path = NetworkService;
			sourceTree = "<group>";
		};
		64C766D22B99CA2B001A7A70 /* EndPoints */ = {
			isa = PBXGroup;
			children = (
				64C766D32B99CA54001A7A70 /* PokemonListEndpont.swift */,
				64C766E12B9AE8ED001A7A70 /* PokemonSpeciesEndpoint.swift */,
				64C766D92B9AAA39001A7A70 /* PokemonEndpoint.swift */,
			);
			path = EndPoints;
			sourceTree = "<group>";
		};
		64C766D52B99CA68001A7A70 /* Response */ = {
			isa = PBXGroup;
			children = (
				64C766D62B99CA73001A7A70 /* PokemonListResponse.swift */,
				64C766DD2B9AE576001A7A70 /* PokmonResponse.swift */,
				0DD0AB2A2B9D74F6001A77EE /* PokemonSpeciesResponse.swift */,
				64C766DB2B9AC0AE001A7A70 /* PokomBaseElementInfo.swift */,
			);
			path = Response;
			sourceTree = "<group>";
		};
		64C766E52B9B0E97001A7A70 /* UIComponent */ = {
			isa = PBXGroup;
			children = (
				64C766E32B9B0E87001A7A70 /* TypeCornerButton.swift */,
				64C766ED2B9B1DCD001A7A70 /* EmptyView.swift */,
				64C766EF2B9B1F12001A7A70 /* IndicatorView.swift */,
			);
			path = UIComponent;
			sourceTree = "<group>";
		};
		64C766EC2B9B17BC001A7A70 /* Feature */ = {
			isa = PBXGroup;
			children = (
				64C766E52B9B0E97001A7A70 /* UIComponent */,
				0DD0AB382B9DE811001A77EE /* List */,
				0DD0AB392B9DE81C001A77EE /* Detail */,
			);
			path = Feature;
			sourceTree = "<group>";
		};
		7513E289409E25C4717015F3 /* Pods */ = {
			isa = PBXGroup;
			children = (
				70A26F37C95A81FB93451C9B /* Pods-Pokmon.debug.xcconfig */,
				BC5FDD4056F58C5EA580AEF9 /* Pods-Pokmon.release.xcconfig */,
				8E10D9AAEC1959DA0D16D5D3 /* Pods-Pokmon-PokmonUITests.debug.xcconfig */,
				D181F9C5F15DFAA28B0C08EB /* Pods-Pokmon-PokmonUITests.release.xcconfig */,
				8A2B226E49A9FE525BAC5696 /* Pods-PokmonTests.debug.xcconfig */,
				D06215AE50CFEFAE40288C5D /* Pods-PokmonTests.release.xcconfig */,
			);
			path = Pods;
			sourceTree = "<group>";
		};
/* End PBXGroup section */

/* Begin PBXNativeTarget section */
		6445D82E2B99C43C0028E2C1 /* Pokmon */ = {
			isa = PBXNativeTarget;
			buildConfigurationList = 6445D8592B99C43D0028E2C1 /* Build configuration list for PBXNativeTarget "Pokmon" */;
			buildPhases = (
				73EDBDECCDBB7746F5BBC2D9 /* [CP] Check Pods Manifest.lock */,
				6445D82B2B99C43C0028E2C1 /* Sources */,
				6445D82C2B99C43C0028E2C1 /* Frameworks */,
				6445D82D2B99C43C0028E2C1 /* Resources */,
				507B844DDF72214301482507 /* [CP] Embed Pods Frameworks */,
			);
			buildRules = (
			);
			dependencies = (
			);
			name = Pokmon;
			productName = Pokmon;
			productReference = 6445D82F2B99C43C0028E2C1 /* Pokmon.app */;
			productType = "com.apple.product-type.application";
		};
		6445D8442B99C43D0028E2C1 /* PokmonTests */ = {
			isa = PBXNativeTarget;
			buildConfigurationList = 6445D85C2B99C43D0028E2C1 /* Build configuration list for PBXNativeTarget "PokmonTests" */;
			buildPhases = (
				F628E3B00577F84DCB3DE4AB /* [CP] Check Pods Manifest.lock */,
				6445D8412B99C43D0028E2C1 /* Sources */,
				6445D8422B99C43D0028E2C1 /* Frameworks */,
				6445D8432B99C43D0028E2C1 /* Resources */,
				032BEB3C03E6FB081E264D77 /* [CP] Embed Pods Frameworks */,
			);
			buildRules = (
			);
			dependencies = (
				6445D8472B99C43D0028E2C1 /* PBXTargetDependency */,
			);
			name = PokmonTests;
			productName = PokmonTests;
			productReference = 6445D8452B99C43D0028E2C1 /* PokmonTests.xctest */;
			productType = "com.apple.product-type.bundle.unit-test";
		};
		6445D84E2B99C43D0028E2C1 /* PokmonUITests */ = {
			isa = PBXNativeTarget;
			buildConfigurationList = 6445D85F2B99C43D0028E2C1 /* Build configuration list for PBXNativeTarget "PokmonUITests" */;
			buildPhases = (
				4DA66D9710B692864EAB2404 /* [CP] Check Pods Manifest.lock */,
				6445D84B2B99C43D0028E2C1 /* Sources */,
				6445D84C2B99C43D0028E2C1 /* Frameworks */,
				6445D84D2B99C43D0028E2C1 /* Resources */,
				464D0A85926F6E2049D98EFB /* [CP] Embed Pods Frameworks */,
			);
			buildRules = (
			);
			dependencies = (
				6445D8512B99C43D0028E2C1 /* PBXTargetDependency */,
			);
			name = PokmonUITests;
			productName = PokmonUITests;
			productReference = 6445D84F2B99C43D0028E2C1 /* PokmonUITests.xctest */;
			productType = "com.apple.product-type.bundle.ui-testing";
		};
/* End PBXNativeTarget section */

/* Begin PBXProject section */
		6445D8272B99C43C0028E2C1 /* Project object */ = {
			isa = PBXProject;
			attributes = {
				BuildIndependentTargetsInParallel = 1;
				LastSwiftUpdateCheck = 1510;
				LastUpgradeCheck = 1510;
				TargetAttributes = {
					6445D82E2B99C43C0028E2C1 = {
						CreatedOnToolsVersion = 15.1;
					};
					6445D8442B99C43D0028E2C1 = {
						CreatedOnToolsVersion = 15.1;
						TestTargetID = 6445D82E2B99C43C0028E2C1;
					};
					6445D84E2B99C43D0028E2C1 = {
						CreatedOnToolsVersion = 15.1;
						TestTargetID = 6445D82E2B99C43C0028E2C1;
					};
				};
			};
			buildConfigurationList = 6445D82A2B99C43C0028E2C1 /* Build configuration list for PBXProject "Pokmon" */;
			compatibilityVersion = "Xcode 14.0";
			developmentRegion = en;
			hasScannedForEncodings = 0;
			knownRegions = (
				en,
				Base,
			);
			mainGroup = 6445D8262B99C43C0028E2C1;
			productRefGroup = 6445D8302B99C43C0028E2C1 /* Products */;
			projectDirPath = "";
			projectRoot = "";
			targets = (
				6445D82E2B99C43C0028E2C1 /* Pokmon */,
				6445D8442B99C43D0028E2C1 /* PokmonTests */,
				6445D84E2B99C43D0028E2C1 /* PokmonUITests */,
			);
		};
/* End PBXProject section */

/* Begin PBXResourcesBuildPhase section */
		6445D82D2B99C43C0028E2C1 /* Resources */ = {
			isa = PBXResourcesBuildPhase;
			buildActionMask = 2147483647;
			files = (
				6445D83F2B99C43D0028E2C1 /* LaunchScreen.storyboard in Resources */,
				0DD0AB282B9D68A1001A77EE /* PokemonDetailInfoCell.xib in Resources */,
				0DD0AB362B9D78BC001A77EE /* GenderImageCollectionCell.xib in Resources */,
				6445D83C2B99C43D0028E2C1 /* Assets.xcassets in Resources */,
			);
			runOnlyForDeploymentPostprocessing = 0;
		};
		6445D8432B99C43D0028E2C1 /* Resources */ = {
			isa = PBXResourcesBuildPhase;
			buildActionMask = 2147483647;
			files = (
			);
			runOnlyForDeploymentPostprocessing = 0;
		};
		6445D84D2B99C43D0028E2C1 /* Resources */ = {
			isa = PBXResourcesBuildPhase;
			buildActionMask = 2147483647;
			files = (
			);
			runOnlyForDeploymentPostprocessing = 0;
		};
/* End PBXResourcesBuildPhase section */

/* Begin PBXShellScriptBuildPhase section */
		032BEB3C03E6FB081E264D77 /* [CP] Embed Pods Frameworks */ = {
			isa = PBXShellScriptBuildPhase;
			buildActionMask = 2147483647;
			files = (
			);
			inputFileListPaths = (
				"${PODS_ROOT}/Target Support Files/Pods-PokmonTests/Pods-PokmonTests-frameworks-${CONFIGURATION}-input-files.xcfilelist",
			);
			name = "[CP] Embed Pods Frameworks";
			outputFileListPaths = (
				"${PODS_ROOT}/Target Support Files/Pods-PokmonTests/Pods-PokmonTests-frameworks-${CONFIGURATION}-output-files.xcfilelist",
			);
			runOnlyForDeploymentPostprocessing = 0;
			shellPath = /bin/sh;
			shellScript = "\"${PODS_ROOT}/Target Support Files/Pods-PokmonTests/Pods-PokmonTests-frameworks.sh\"\n";
			showEnvVarsInLog = 0;
		};
		464D0A85926F6E2049D98EFB /* [CP] Embed Pods Frameworks */ = {
			isa = PBXShellScriptBuildPhase;
			buildActionMask = 2147483647;
			files = (
			);
			inputFileListPaths = (
				"${PODS_ROOT}/Target Support Files/Pods-Pokmon-PokmonUITests/Pods-Pokmon-PokmonUITests-frameworks-${CONFIGURATION}-input-files.xcfilelist",
			);
			name = "[CP] Embed Pods Frameworks";
			outputFileListPaths = (
				"${PODS_ROOT}/Target Support Files/Pods-Pokmon-PokmonUITests/Pods-Pokmon-PokmonUITests-frameworks-${CONFIGURATION}-output-files.xcfilelist",
			);
			runOnlyForDeploymentPostprocessing = 0;
			shellPath = /bin/sh;
			shellScript = "\"${PODS_ROOT}/Target Support Files/Pods-Pokmon-PokmonUITests/Pods-Pokmon-PokmonUITests-frameworks.sh\"\n";
			showEnvVarsInLog = 0;
		};
		4DA66D9710B692864EAB2404 /* [CP] Check Pods Manifest.lock */ = {
			isa = PBXShellScriptBuildPhase;
			buildActionMask = 2147483647;
			files = (
			);
			inputFileListPaths = (
			);
			inputPaths = (
				"${PODS_PODFILE_DIR_PATH}/Podfile.lock",
				"${PODS_ROOT}/Manifest.lock",
			);
			name = "[CP] Check Pods Manifest.lock";
			outputFileListPaths = (
			);
			outputPaths = (
				"$(DERIVED_FILE_DIR)/Pods-Pokmon-PokmonUITests-checkManifestLockResult.txt",
			);
			runOnlyForDeploymentPostprocessing = 0;
			shellPath = /bin/sh;
			shellScript = "diff \"${PODS_PODFILE_DIR_PATH}/Podfile.lock\" \"${PODS_ROOT}/Manifest.lock\" > /dev/null\nif [ $? != 0 ] ; then\n    # print error to STDERR\n    echo \"error: The sandbox is not in sync with the Podfile.lock. Run 'pod install' or update your CocoaPods installation.\" >&2\n    exit 1\nfi\n# This output is used by Xcode 'outputs' to avoid re-running this script phase.\necho \"SUCCESS\" > \"${SCRIPT_OUTPUT_FILE_0}\"\n";
			showEnvVarsInLog = 0;
		};
		507B844DDF72214301482507 /* [CP] Embed Pods Frameworks */ = {
			isa = PBXShellScriptBuildPhase;
			buildActionMask = 2147483647;
			files = (
			);
			inputFileListPaths = (
				"${PODS_ROOT}/Target Support Files/Pods-Pokmon/Pods-Pokmon-frameworks-${CONFIGURATION}-input-files.xcfilelist",
			);
			name = "[CP] Embed Pods Frameworks";
			outputFileListPaths = (
				"${PODS_ROOT}/Target Support Files/Pods-Pokmon/Pods-Pokmon-frameworks-${CONFIGURATION}-output-files.xcfilelist",
			);
			runOnlyForDeploymentPostprocessing = 0;
			shellPath = /bin/sh;
			shellScript = "\"${PODS_ROOT}/Target Support Files/Pods-Pokmon/Pods-Pokmon-frameworks.sh\"\n";
			showEnvVarsInLog = 0;
		};
		73EDBDECCDBB7746F5BBC2D9 /* [CP] Check Pods Manifest.lock */ = {
			isa = PBXShellScriptBuildPhase;
			buildActionMask = 2147483647;
			files = (
			);
			inputFileListPaths = (
			);
			inputPaths = (
				"${PODS_PODFILE_DIR_PATH}/Podfile.lock",
				"${PODS_ROOT}/Manifest.lock",
			);
			name = "[CP] Check Pods Manifest.lock";
			outputFileListPaths = (
			);
			outputPaths = (
				"$(DERIVED_FILE_DIR)/Pods-Pokmon-checkManifestLockResult.txt",
			);
			runOnlyForDeploymentPostprocessing = 0;
			shellPath = /bin/sh;
			shellScript = "diff \"${PODS_PODFILE_DIR_PATH}/Podfile.lock\" \"${PODS_ROOT}/Manifest.lock\" > /dev/null\nif [ $? != 0 ] ; then\n    # print error to STDERR\n    echo \"error: The sandbox is not in sync with the Podfile.lock. Run 'pod install' or update your CocoaPods installation.\" >&2\n    exit 1\nfi\n# This output is used by Xcode 'outputs' to avoid re-running this script phase.\necho \"SUCCESS\" > \"${SCRIPT_OUTPUT_FILE_0}\"\n";
			showEnvVarsInLog = 0;
		};
		F628E3B00577F84DCB3DE4AB /* [CP] Check Pods Manifest.lock */ = {
			isa = PBXShellScriptBuildPhase;
			buildActionMask = 2147483647;
			files = (
			);
			inputFileListPaths = (
			);
			inputPaths = (
				"${PODS_PODFILE_DIR_PATH}/Podfile.lock",
				"${PODS_ROOT}/Manifest.lock",
			);
			name = "[CP] Check Pods Manifest.lock";
			outputFileListPaths = (
			);
			outputPaths = (
				"$(DERIVED_FILE_DIR)/Pods-PokmonTests-checkManifestLockResult.txt",
			);
			runOnlyForDeploymentPostprocessing = 0;
			shellPath = /bin/sh;
			shellScript = "diff \"${PODS_PODFILE_DIR_PATH}/Podfile.lock\" \"${PODS_ROOT}/Manifest.lock\" > /dev/null\nif [ $? != 0 ] ; then\n    # print error to STDERR\n    echo \"error: The sandbox is not in sync with the Podfile.lock. Run 'pod install' or update your CocoaPods installation.\" >&2\n    exit 1\nfi\n# This output is used by Xcode 'outputs' to avoid re-running this script phase.\necho \"SUCCESS\" > \"${SCRIPT_OUTPUT_FILE_0}\"\n";
			showEnvVarsInLog = 0;
		};
/* End PBXShellScriptBuildPhase section */

/* Begin PBXSourcesBuildPhase section */
		6445D82B2B99C43C0028E2C1 /* Sources */ = {
			isa = PBXSourcesBuildPhase;
			buildActionMask = 2147483647;
			files = (
				0D3531472B9C619500A995DE /* FavoriteUseCase.swift in Sources */,
				0DD0AB3D2B9DE849001A77EE /* PokemonDeatilPageViewModel.swift in Sources */,
				0D35313F2B9C454100A995DE /* HUDTracker.swift in Sources */,
				64C766D42B99CA54001A7A70 /* PokemonListEndpont.swift in Sources */,
				64C766E02B9AE5A0001A7A70 /* UIColor++Extension.swift in Sources */,
				64C766CD2B99C7ED001A7A70 /* NetworkService.swift in Sources */,
				64C766CF2B99C84C001A7A70 /* Encodable++Extension.swift in Sources */,
				6445D8372B99C43C0028E2C1 /* PokemonListViewController.swift in Sources */,
				64C766EE2B9B1DCD001A7A70 /* EmptyView.swift in Sources */,
				64C766E72B9B1747001A7A70 /* PokemonCell.swift in Sources */,
				6445D8332B99C43C0028E2C1 /* AppDelegate.swift in Sources */,
				64C766E42B9B0E87001A7A70 /* TypeCornerButton.swift in Sources */,
				0DD0AB432B9E1049001A77EE /* StatView.swift in Sources */,
				64C766DA2B9AAA39001A7A70 /* PokemonEndpoint.swift in Sources */,
				0DD0AB2B2B9D74F6001A77EE /* PokemonSpeciesResponse.swift in Sources */,
				64C766DE2B9AE576001A7A70 /* PokmonResponse.swift in Sources */,
				0D3531412B9C455E00A995DE /* ErrorTracker.swift in Sources */,
				0DD0AB452B9E1B42001A77EE /* StatTableViewCell.swift in Sources */,
				64C766EB2B9B179F001A7A70 /* PokemonListViewModel.swift in Sources */,
				64C766E92B9B175D001A7A70 /* CellViewModel.swift in Sources */,
				64C766E22B9AE8ED001A7A70 /* PokemonSpeciesEndpoint.swift in Sources */,
				0DD0AB372B9D78BC001A77EE /* GenderImageCollectionCell.swift in Sources */,
				64C766F02B9B1F12001A7A70 /* IndicatorView.swift in Sources */,
				64C766D72B99CA73001A7A70 /* PokemonListResponse.swift in Sources */,
				0D3531432B9C558B00A995DE /* UIView+Extension.swift in Sources */,
				64C766CB2B99C7D6001A7A70 /* Endpoint.swift in Sources */,
				64C766DC2B9AC0AE001A7A70 /* PokomBaseElementInfo.swift in Sources */,
				0DD0AB292B9D68A1001A77EE /* PokemonDetailInfoCell.swift in Sources */,
				64C766D12B99C9D1001A7A70 /* PkError.swift in Sources */,
				0D35313C2B9C42AE00A995DE /* PokemonDeatilPageViewController.swift in Sources */,
				6445D8352B99C43C0028E2C1 /* SceneDelegate.swift in Sources */,
			);
			runOnlyForDeploymentPostprocessing = 0;
		};
		6445D8412B99C43D0028E2C1 /* Sources */ = {
			isa = PBXSourcesBuildPhase;
			buildActionMask = 2147483647;
			files = (
				6445D84A2B99C43D0028E2C1 /* PokmonTests.swift in Sources */,
			);
			runOnlyForDeploymentPostprocessing = 0;
		};
		6445D84B2B99C43D0028E2C1 /* Sources */ = {
			isa = PBXSourcesBuildPhase;
			buildActionMask = 2147483647;
			files = (
				6445D8562B99C43D0028E2C1 /* PokmonUITestsLaunchTests.swift in Sources */,
				6445D8542B99C43D0028E2C1 /* PokmonUITests.swift in Sources */,
			);
			runOnlyForDeploymentPostprocessing = 0;
		};
/* End PBXSourcesBuildPhase section */

/* Begin PBXTargetDependency section */
		6445D8472B99C43D0028E2C1 /* PBXTargetDependency */ = {
			isa = PBXTargetDependency;
			target = 6445D82E2B99C43C0028E2C1 /* Pokmon */;
			targetProxy = 6445D8462B99C43D0028E2C1 /* PBXContainerItemProxy */;
		};
		6445D8512B99C43D0028E2C1 /* PBXTargetDependency */ = {
			isa = PBXTargetDependency;
			target = 6445D82E2B99C43C0028E2C1 /* Pokmon */;
			targetProxy = 6445D8502B99C43D0028E2C1 /* PBXContainerItemProxy */;
		};
/* End PBXTargetDependency section */

/* Begin PBXVariantGroup section */
		6445D83D2B99C43D0028E2C1 /* LaunchScreen.storyboard */ = {
			isa = PBXVariantGroup;
			children = (
				6445D83E2B99C43D0028E2C1 /* Base */,
			);
			name = LaunchScreen.storyboard;
			sourceTree = "<group>";
		};
/* End PBXVariantGroup section */

/* Begin XCBuildConfiguration section */
		6445D8572B99C43D0028E2C1 /* Debug */ = {
			isa = XCBuildConfiguration;
			buildSettings = {
				ALWAYS_SEARCH_USER_PATHS = NO;
				ASSETCATALOG_COMPILER_GENERATE_SWIFT_ASSET_SYMBOL_EXTENSIONS = YES;
				CLANG_ANALYZER_NONNULL = YES;
				CLANG_ANALYZER_NUMBER_OBJECT_CONVERSION = YES_AGGRESSIVE;
				CLANG_CXX_LANGUAGE_STANDARD = "gnu++20";
				CLANG_ENABLE_MODULES = YES;
				CLANG_ENABLE_OBJC_ARC = YES;
				CLANG_ENABLE_OBJC_WEAK = YES;
				CLANG_WARN_BLOCK_CAPTURE_AUTORELEASING = YES;
				CLANG_WARN_BOOL_CONVERSION = YES;
				CLANG_WARN_COMMA = YES;
				CLANG_WARN_CONSTANT_CONVERSION = YES;
				CLANG_WARN_DEPRECATED_OBJC_IMPLEMENTATIONS = YES;
				CLANG_WARN_DIRECT_OBJC_ISA_USAGE = YES_ERROR;
				CLANG_WARN_DOCUMENTATION_COMMENTS = YES;
				CLANG_WARN_EMPTY_BODY = YES;
				CLANG_WARN_ENUM_CONVERSION = YES;
				CLANG_WARN_INFINITE_RECURSION = YES;
				CLANG_WARN_INT_CONVERSION = YES;
				CLANG_WARN_NON_LITERAL_NULL_CONVERSION = YES;
				CLANG_WARN_OBJC_IMPLICIT_RETAIN_SELF = YES;
				CLANG_WARN_OBJC_LITERAL_CONVERSION = YES;
				CLANG_WARN_OBJC_ROOT_CLASS = YES_ERROR;
				CLANG_WARN_QUOTED_INCLUDE_IN_FRAMEWORK_HEADER = YES;
				CLANG_WARN_RANGE_LOOP_ANALYSIS = YES;
				CLANG_WARN_STRICT_PROTOTYPES = YES;
				CLANG_WARN_SUSPICIOUS_MOVE = YES;
				CLANG_WARN_UNGUARDED_AVAILABILITY = YES_AGGRESSIVE;
				CLANG_WARN_UNREACHABLE_CODE = YES;
				CLANG_WARN__DUPLICATE_METHOD_MATCH = YES;
				COPY_PHASE_STRIP = NO;
				DEBUG_INFORMATION_FORMAT = dwarf;
				ENABLE_STRICT_OBJC_MSGSEND = YES;
				ENABLE_TESTABILITY = YES;
				ENABLE_USER_SCRIPT_SANDBOXING = YES;
				GCC_C_LANGUAGE_STANDARD = gnu17;
				GCC_DYNAMIC_NO_PIC = NO;
				GCC_NO_COMMON_BLOCKS = YES;
				GCC_OPTIMIZATION_LEVEL = 0;
				GCC_PREPROCESSOR_DEFINITIONS = (
					"DEBUG=1",
					"$(inherited)",
				);
				GCC_WARN_64_TO_32_BIT_CONVERSION = YES;
				GCC_WARN_ABOUT_RETURN_TYPE = YES_ERROR;
				GCC_WARN_UNDECLARED_SELECTOR = YES;
				GCC_WARN_UNINITIALIZED_AUTOS = YES_AGGRESSIVE;
				GCC_WARN_UNUSED_FUNCTION = YES;
				GCC_WARN_UNUSED_VARIABLE = YES;
				IPHONEOS_DEPLOYMENT_TARGET = 17.2;
				LOCALIZATION_PREFERS_STRING_CATALOGS = YES;
				MTL_ENABLE_DEBUG_INFO = INCLUDE_SOURCE;
				MTL_FAST_MATH = YES;
				ONLY_ACTIVE_ARCH = YES;
				SDKROOT = iphoneos;
				SWIFT_ACTIVE_COMPILATION_CONDITIONS = "DEBUG $(inherited)";
				SWIFT_OPTIMIZATION_LEVEL = "-Onone";
			};
			name = Debug;
		};
		6445D8582B99C43D0028E2C1 /* Release */ = {
			isa = XCBuildConfiguration;
			buildSettings = {
				ALWAYS_SEARCH_USER_PATHS = NO;
				ASSETCATALOG_COMPILER_GENERATE_SWIFT_ASSET_SYMBOL_EXTENSIONS = YES;
				CLANG_ANALYZER_NONNULL = YES;
				CLANG_ANALYZER_NUMBER_OBJECT_CONVERSION = YES_AGGRESSIVE;
				CLANG_CXX_LANGUAGE_STANDARD = "gnu++20";
				CLANG_ENABLE_MODULES = YES;
				CLANG_ENABLE_OBJC_ARC = YES;
				CLANG_ENABLE_OBJC_WEAK = YES;
				CLANG_WARN_BLOCK_CAPTURE_AUTORELEASING = YES;
				CLANG_WARN_BOOL_CONVERSION = YES;
				CLANG_WARN_COMMA = YES;
				CLANG_WARN_CONSTANT_CONVERSION = YES;
				CLANG_WARN_DEPRECATED_OBJC_IMPLEMENTATIONS = YES;
				CLANG_WARN_DIRECT_OBJC_ISA_USAGE = YES_ERROR;
				CLANG_WARN_DOCUMENTATION_COMMENTS = YES;
				CLANG_WARN_EMPTY_BODY = YES;
				CLANG_WARN_ENUM_CONVERSION = YES;
				CLANG_WARN_INFINITE_RECURSION = YES;
				CLANG_WARN_INT_CONVERSION = YES;
				CLANG_WARN_NON_LITERAL_NULL_CONVERSION = YES;
				CLANG_WARN_OBJC_IMPLICIT_RETAIN_SELF = YES;
				CLANG_WARN_OBJC_LITERAL_CONVERSION = YES;
				CLANG_WARN_OBJC_ROOT_CLASS = YES_ERROR;
				CLANG_WARN_QUOTED_INCLUDE_IN_FRAMEWORK_HEADER = YES;
				CLANG_WARN_RANGE_LOOP_ANALYSIS = YES;
				CLANG_WARN_STRICT_PROTOTYPES = YES;
				CLANG_WARN_SUSPICIOUS_MOVE = YES;
				CLANG_WARN_UNGUARDED_AVAILABILITY = YES_AGGRESSIVE;
				CLANG_WARN_UNREACHABLE_CODE = YES;
				CLANG_WARN__DUPLICATE_METHOD_MATCH = YES;
				COPY_PHASE_STRIP = NO;
				DEBUG_INFORMATION_FORMAT = "dwarf-with-dsym";
				ENABLE_NS_ASSERTIONS = NO;
				ENABLE_STRICT_OBJC_MSGSEND = YES;
				ENABLE_USER_SCRIPT_SANDBOXING = YES;
				GCC_C_LANGUAGE_STANDARD = gnu17;
				GCC_NO_COMMON_BLOCKS = YES;
				GCC_WARN_64_TO_32_BIT_CONVERSION = YES;
				GCC_WARN_ABOUT_RETURN_TYPE = YES_ERROR;
				GCC_WARN_UNDECLARED_SELECTOR = YES;
				GCC_WARN_UNINITIALIZED_AUTOS = YES_AGGRESSIVE;
				GCC_WARN_UNUSED_FUNCTION = YES;
				GCC_WARN_UNUSED_VARIABLE = YES;
				IPHONEOS_DEPLOYMENT_TARGET = 17.2;
				LOCALIZATION_PREFERS_STRING_CATALOGS = YES;
				MTL_ENABLE_DEBUG_INFO = NO;
				MTL_FAST_MATH = YES;
				SDKROOT = iphoneos;
				SWIFT_COMPILATION_MODE = wholemodule;
				VALIDATE_PRODUCT = YES;
			};
			name = Release;
		};
		6445D85A2B99C43D0028E2C1 /* Debug */ = {
			isa = XCBuildConfiguration;
			baseConfigurationReference = 70A26F37C95A81FB93451C9B /* Pods-Pokmon.debug.xcconfig */;
			buildSettings = {
				ASSETCATALOG_COMPILER_APPICON_NAME = AppIcon;
				ASSETCATALOG_COMPILER_GLOBAL_ACCENT_COLOR_NAME = AccentColor;
				CODE_SIGN_STYLE = Automatic;
				CURRENT_PROJECT_VERSION = 1;
				DEVELOPMENT_TEAM = B4465P4QBZ;
				ENABLE_USER_SCRIPT_SANDBOXING = NO;
				GENERATE_INFOPLIST_FILE = YES;
				INFOPLIST_FILE = Pokmon/Info.plist;
				INFOPLIST_KEY_UIApplicationSupportsIndirectInputEvents = YES;
				INFOPLIST_KEY_UILaunchStoryboardName = LaunchScreen;
				INFOPLIST_KEY_UISupportedInterfaceOrientations_iPad = "UIInterfaceOrientationPortrait UIInterfaceOrientationPortraitUpsideDown UIInterfaceOrientationLandscapeLeft UIInterfaceOrientationLandscapeRight";
				INFOPLIST_KEY_UISupportedInterfaceOrientations_iPhone = "UIInterfaceOrientationPortrait UIInterfaceOrientationLandscapeLeft UIInterfaceOrientationLandscapeRight";
				LD_RUNPATH_SEARCH_PATHS = (
					"$(inherited)",
					"@executable_path/Frameworks",
				);
				MARKETING_VERSION = 1.0;
				PRODUCT_BUNDLE_IDENTIFIER = com.drake.Pokmon;
				PRODUCT_NAME = "$(TARGET_NAME)";
				SWIFT_EMIT_LOC_STRINGS = YES;
				SWIFT_VERSION = 5.0;
				TARGETED_DEVICE_FAMILY = "1,2";
			};
			name = Debug;
		};
		6445D85B2B99C43D0028E2C1 /* Release */ = {
			isa = XCBuildConfiguration;
			baseConfigurationReference = BC5FDD4056F58C5EA580AEF9 /* Pods-Pokmon.release.xcconfig */;
			buildSettings = {
				ASSETCATALOG_COMPILER_APPICON_NAME = AppIcon;
				ASSETCATALOG_COMPILER_GLOBAL_ACCENT_COLOR_NAME = AccentColor;
				CODE_SIGN_STYLE = Automatic;
				CURRENT_PROJECT_VERSION = 1;
				DEVELOPMENT_TEAM = B4465P4QBZ;
				ENABLE_USER_SCRIPT_SANDBOXING = NO;
				GENERATE_INFOPLIST_FILE = YES;
				INFOPLIST_FILE = Pokmon/Info.plist;
				INFOPLIST_KEY_UIApplicationSupportsIndirectInputEvents = YES;
				INFOPLIST_KEY_UILaunchStoryboardName = LaunchScreen;
				INFOPLIST_KEY_UISupportedInterfaceOrientations_iPad = "UIInterfaceOrientationPortrait UIInterfaceOrientationPortraitUpsideDown UIInterfaceOrientationLandscapeLeft UIInterfaceOrientationLandscapeRight";
				INFOPLIST_KEY_UISupportedInterfaceOrientations_iPhone = "UIInterfaceOrientationPortrait UIInterfaceOrientationLandscapeLeft UIInterfaceOrientationLandscapeRight";
				LD_RUNPATH_SEARCH_PATHS = (
					"$(inherited)",
					"@executable_path/Frameworks",
				);
				MARKETING_VERSION = 1.0;
				PRODUCT_BUNDLE_IDENTIFIER = com.drake.Pokmon;
				PRODUCT_NAME = "$(TARGET_NAME)";
				SWIFT_EMIT_LOC_STRINGS = YES;
				SWIFT_VERSION = 5.0;
				TARGETED_DEVICE_FAMILY = "1,2";
			};
			name = Release;
		};
		6445D85D2B99C43D0028E2C1 /* Debug */ = {
			isa = XCBuildConfiguration;
			baseConfigurationReference = 8A2B226E49A9FE525BAC5696 /* Pods-PokmonTests.debug.xcconfig */;
			buildSettings = {
				ALWAYS_EMBED_SWIFT_STANDARD_LIBRARIES = YES;
				BUNDLE_LOADER = "$(TEST_HOST)";
				CODE_SIGN_STYLE = Automatic;
				CURRENT_PROJECT_VERSION = 1;
				DEVELOPMENT_TEAM = B4465P4QBZ;
				GENERATE_INFOPLIST_FILE = YES;
				IPHONEOS_DEPLOYMENT_TARGET = 17.2;
				MARKETING_VERSION = 1.0;
				PRODUCT_BUNDLE_IDENTIFIER = com.drake.PokmonTests;
				PRODUCT_NAME = "$(TARGET_NAME)";
				SWIFT_EMIT_LOC_STRINGS = NO;
				SWIFT_VERSION = 5.0;
				TARGETED_DEVICE_FAMILY = "1,2";
				TEST_HOST = "$(BUILT_PRODUCTS_DIR)/Pokmon.app/$(BUNDLE_EXECUTABLE_FOLDER_PATH)/Pokmon";
			};
			name = Debug;
		};
		6445D85E2B99C43D0028E2C1 /* Release */ = {
			isa = XCBuildConfiguration;
			baseConfigurationReference = D06215AE50CFEFAE40288C5D /* Pods-PokmonTests.release.xcconfig */;
			buildSettings = {
				ALWAYS_EMBED_SWIFT_STANDARD_LIBRARIES = YES;
				BUNDLE_LOADER = "$(TEST_HOST)";
				CODE_SIGN_STYLE = Automatic;
				CURRENT_PROJECT_VERSION = 1;
				DEVELOPMENT_TEAM = B4465P4QBZ;
				GENERATE_INFOPLIST_FILE = YES;
				IPHONEOS_DEPLOYMENT_TARGET = 17.2;
				MARKETING_VERSION = 1.0;
				PRODUCT_BUNDLE_IDENTIFIER = com.drake.PokmonTests;
				PRODUCT_NAME = "$(TARGET_NAME)";
				SWIFT_EMIT_LOC_STRINGS = NO;
				SWIFT_VERSION = 5.0;
				TARGETED_DEVICE_FAMILY = "1,2";
				TEST_HOST = "$(BUILT_PRODUCTS_DIR)/Pokmon.app/$(BUNDLE_EXECUTABLE_FOLDER_PATH)/Pokmon";
			};
			name = Release;
		};
		6445D8602B99C43D0028E2C1 /* Debug */ = {
			isa = XCBuildConfiguration;
			baseConfigurationReference = 8E10D9AAEC1959DA0D16D5D3 /* Pods-Pokmon-PokmonUITests.debug.xcconfig */;
			buildSettings = {
				ALWAYS_EMBED_SWIFT_STANDARD_LIBRARIES = YES;
				CODE_SIGN_STYLE = Automatic;
				CURRENT_PROJECT_VERSION = 1;
				DEVELOPMENT_TEAM = B4465P4QBZ;
				GENERATE_INFOPLIST_FILE = YES;
				MARKETING_VERSION = 1.0;
				PRODUCT_BUNDLE_IDENTIFIER = com.drake.PokmonUITests;
				PRODUCT_NAME = "$(TARGET_NAME)";
				SWIFT_EMIT_LOC_STRINGS = NO;
				SWIFT_VERSION = 5.0;
				TARGETED_DEVICE_FAMILY = "1,2";
				TEST_TARGET_NAME = Pokmon;
			};
			name = Debug;
		};
		6445D8612B99C43D0028E2C1 /* Release */ = {
			isa = XCBuildConfiguration;
			baseConfigurationReference = D181F9C5F15DFAA28B0C08EB /* Pods-Pokmon-PokmonUITests.release.xcconfig */;
			buildSettings = {
				ALWAYS_EMBED_SWIFT_STANDARD_LIBRARIES = YES;
				CODE_SIGN_STYLE = Automatic;
				CURRENT_PROJECT_VERSION = 1;
				DEVELOPMENT_TEAM = B4465P4QBZ;
				GENERATE_INFOPLIST_FILE = YES;
				MARKETING_VERSION = 1.0;
				PRODUCT_BUNDLE_IDENTIFIER = com.drake.PokmonUITests;
				PRODUCT_NAME = "$(TARGET_NAME)";
				SWIFT_EMIT_LOC_STRINGS = NO;
				SWIFT_VERSION = 5.0;
				TARGETED_DEVICE_FAMILY = "1,2";
				TEST_TARGET_NAME = Pokmon;
			};
			name = Release;
		};
/* End XCBuildConfiguration section */

/* Begin XCConfigurationList section */
		6445D82A2B99C43C0028E2C1 /* Build configuration list for PBXProject "Pokmon" */ = {
			isa = XCConfigurationList;
			buildConfigurations = (
				6445D8572B99C43D0028E2C1 /* Debug */,
				6445D8582B99C43D0028E2C1 /* Release */,
			);
			defaultConfigurationIsVisible = 0;
			defaultConfigurationName = Release;
		};
		6445D8592B99C43D0028E2C1 /* Build configuration list for PBXNativeTarget "Pokmon" */ = {
			isa = XCConfigurationList;
			buildConfigurations = (
				6445D85A2B99C43D0028E2C1 /* Debug */,
				6445D85B2B99C43D0028E2C1 /* Release */,
			);
			defaultConfigurationIsVisible = 0;
			defaultConfigurationName = Release;
		};
		6445D85C2B99C43D0028E2C1 /* Build configuration list for PBXNativeTarget "PokmonTests" */ = {
			isa = XCConfigurationList;
			buildConfigurations = (
				6445D85D2B99C43D0028E2C1 /* Debug */,
				6445D85E2B99C43D0028E2C1 /* Release */,
			);
			defaultConfigurationIsVisible = 0;
			defaultConfigurationName = Release;
		};
		6445D85F2B99C43D0028E2C1 /* Build configuration list for PBXNativeTarget "PokmonUITests" */ = {
			isa = XCConfigurationList;
			buildConfigurations = (
				6445D8602B99C43D0028E2C1 /* Debug */,
				6445D8612B99C43D0028E2C1 /* Release */,
			);
			defaultConfigurationIsVisible = 0;
			defaultConfigurationName = Release;
		};
/* End XCConfigurationList section */
	};
	rootObject = 6445D8272B99C43C0028E2C1 /* Project object */;
}
