// !$*UTF8*$!
{
	archiveVersion = 1;
	classes = {
	};
	objectVersion = 56;
	objects = {

/* Begin PBXBuildFile section */
		0D35313C2B9C42AE00A995DE /* PokemonDeatilPageViewController.swift in Sources */ = {isa = PBXBuildFile; fileRef = 0D35313B2B9C42AE00A995DE /* PokemonDeatilPageViewController.swift */; };
		0D3531432B9C558B00A995DE /* UIView+Extension.swift in Sources */ = {isa = PBXBuildFile; fileRef = 0D3531422B9C558B00A995DE /* UIView+Extension.swift */; };
		0D3531472B9C619500A995DE /* UserDefaultStore.swift in Sources */ = {isa = PBXBuildFile; fileRef = 0D3531462B9C619500A995DE /* UserDefaultStore.swift */; };
		0DD0AB282B9D68A1001A77EE /* PokemonDetailInfoCell.xib in Resources */ = {isa = PBXBuildFile; fileRef = 0DD0AB272B9D68A1001A77EE /* PokemonDetailInfoCell.xib */; };
		0DD0AB292B9D68A1001A77EE /* PokemonDetailInfoCell.swift in Sources */ = {isa = PBXBuildFile; fileRef = 0DD0AB262B9D68A1001A77EE /* PokemonDetailInfoCell.swift */; };
		0DD0AB2B2B9D74F6001A77EE /* PokemonSpeciesResponse.swift in Sources */ = {isa = PBXBuildFile; fileRef = 0DD0AB2A2B9D74F6001A77EE /* PokemonSpeciesResponse.swift */; };
		0DD0AB362B9D78BC001A77EE /* GenderImageCollectionCell.xib in Resources */ = {isa = PBXBuildFile; fileRef = 0DD0AB352B9D78BC001A77EE /* GenderImageCollectionCell.xib */; };
		0DD0AB372B9D78BC001A77EE /* GenderImageCollectionCell.swift in Sources */ = {isa = PBXBuildFile; fileRef = 0DD0AB342B9D78BC001A77EE /* GenderImageCollectionCell.swift */; };
		0DD0AB432B9E1049001A77EE /* StatView.swift in Sources */ = {isa = PBXBuildFile; fileRef = 0DD0AB422B9E1049001A77EE /* StatView.swift */; };
		0DD0AB452B9E1B42001A77EE /* StatTableViewCell.swift in Sources */ = {isa = PBXBuildFile; fileRef = 0DD0AB442B9E1B42001A77EE /* StatTableViewCell.swift */; };
		263EDB94AFB64BFD878B2D13 /* PokemonListStoreTests.swift in Sources */ = {isa = PBXBuildFile; fileRef = BF0CF6E44A304C019C8B0D52 /* PokemonListStoreTests.swift */; };
		58380CB24F8FD1B8190E654C /* PokemonListStore.swift in Sources */ = {isa = PBXBuildFile; fileRef = 1955795A053470F9D62CF080 /* PokemonListStore.swift */; };
		61799C686A9621AD75D2F09E /* AlertState.swift in Sources */ = {isa = PBXBuildFile; fileRef = 56C6D1D86DE593B87385EC2A /* AlertState.swift */; };
		6445D8332B99C43C0028E2C1 /* AppDelegate.swift in Sources */ = {isa = PBXBuildFile; fileRef = 6445D8322B99C43C0028E2C1 /* AppDelegate.swift */; };
		6445D8352B99C43C0028E2C1 /* SceneDelegate.swift in Sources */ = {isa = PBXBuildFile; fileRef = 6445D8342B99C43C0028E2C1 /* SceneDelegate.swift */; };
		6445D83C2B99C43D0028E2C1 /* Assets.xcassets in Resources */ = {isa = PBXBuildFile; fileRef = 6445D83B2B99C43D0028E2C1 /* Assets.xcassets */; };
		6445D83F2B99C43D0028E2C1 /* LaunchScreen.storyboard in Resources */ = {isa = PBXBuildFile; fileRef = 6445D83D2B99C43D0028E2C1 /* LaunchScreen.storyboard */; };
		6445D8542B99C43D0028E2C1 /* PokmonUITests.swift in Sources */ = {isa = PBXBuildFile; fileRef = 6445D8532B99C43D0028E2C1 /* PokmonUITests.swift */; };
		6445D8562B99C43D0028E2C1 /* PokmonUITestsLaunchTests.swift in Sources */ = {isa = PBXBuildFile; fileRef = 6445D8552B99C43D0028E2C1 /* PokmonUITestsLaunchTests.swift */; };
		6484A43F2B9F11F1004C5E65 /* UIStackView++Extension.swift in Sources */ = {isa = PBXBuildFile; fileRef = 6484A43E2B9F11F1004C5E65 /* UIStackView++Extension.swift */; };
		6484A4432B9F1295004C5E65 /* SpeciesUpdatable.swift in Sources */ = {isa = PBXBuildFile; fileRef = 6484A4422B9F1295004C5E65 /* SpeciesUpdatable.swift */; };
		6484A4452B9F12A2004C5E65 /* PokemonShareData.swift in Sources */ = {isa = PBXBuildFile; fileRef = 6484A4442B9F12A2004C5E65 /* PokemonShareData.swift */; };
		64C766CB2B99C7D6001A7A70 /* Endpoint.swift in Sources */ = {isa = PBXBuildFile; fileRef = 64C766CA2B99C7D6001A7A70 /* Endpoint.swift */; };
		64C766CD2B99C7ED001A7A70 /* NetworkService.swift in Sources */ = {isa = PBXBuildFile; fileRef = 64C766CC2B99C7ED001A7A70 /* NetworkService.swift */; };
		64C766CF2B99C84C001A7A70 /* Encodable++Extension.swift in Sources */ = {isa = PBXBuildFile; fileRef = 64C766CE2B99C84C001A7A70 /* Encodable++Extension.swift */; };
		64C766D12B99C9D1001A7A70 /* PkError.swift in Sources */ = {isa = PBXBuildFile; fileRef = 64C766D02B99C9D1001A7A70 /* PkError.swift */; };
		64C766D42B99CA54001A7A70 /* PokemonListEndpont.swift in Sources */ = {isa = PBXBuildFile; fileRef = 64C766D32B99CA54001A7A70 /* PokemonListEndpont.swift */; };
		64C766D72B99CA73001A7A70 /* PokemonListResponse.swift in Sources */ = {isa = PBXBuildFile; fileRef = 64C766D62B99CA73001A7A70 /* PokemonListResponse.swift */; };
		64C766DA2B9AAA39001A7A70 /* PokemonEndpoint.swift in Sources */ = {isa = PBXBuildFile; fileRef = 64C766D92B9AAA39001A7A70 /* PokemonEndpoint.swift */; };
		64C766DC2B9AC0AE001A7A70 /* PokomBaseElementInfo.swift in Sources */ = {isa = PBXBuildFile; fileRef = 64C766DB2B9AC0AE001A7A70 /* PokomBaseElementInfo.swift */; };
		64C766DE2B9AE576001A7A70 /* PokmonResponse.swift in Sources */ = {isa = PBXBuildFile; fileRef = 64C766DD2B9AE576001A7A70 /* PokmonResponse.swift */; };
		64C766E02B9AE5A0001A7A70 /* UIColor++Extension.swift in Sources */ = {isa = PBXBuildFile; fileRef = 64C766DF2B9AE5A0001A7A70 /* UIColor++Extension.swift */; };
		64C766E22B9AE8ED001A7A70 /* PokemonSpeciesEndpoint.swift in Sources */ = {isa = PBXBuildFile; fileRef = 64C766E12B9AE8ED001A7A70 /* PokemonSpeciesEndpoint.swift */; };
		64C766E42B9B0E87001A7A70 /* TypeCornerButton.swift in Sources */ = {isa = PBXBuildFile; fileRef = 64C766E32B9B0E87001A7A70 /* TypeCornerButton.swift */; };
		64C766E72B9B1747001A7A70 /* PokemonCell.swift in Sources */ = {isa = PBXBuildFile; fileRef = 64C766E62B9B1747001A7A70 /* PokemonCell.swift */; };
		64C766E92B9B175D001A7A70 /* CellViewModel.swift in Sources */ = {isa = PBXBuildFile; fileRef = 64C766E82B9B175D001A7A70 /* CellViewModel.swift */; };
		64C766EE2B9B1DCD001A7A70 /* EmptyView.swift in Sources */ = {isa = PBXBuildFile; fileRef = 64C766ED2B9B1DCD001A7A70 /* EmptyView.swift */; };
		64C766F02B9B1F12001A7A70 /* IndicatorView.swift in Sources */ = {isa = PBXBuildFile; fileRef = 64C766EF2B9B1F12001A7A70 /* IndicatorView.swift */; };
		64C781692BA0330100254A6F /* CellViewModelTests.swift in Sources */ = {isa = PBXBuildFile; fileRef = 64C781682BA0330100254A6F /* CellViewModelTests.swift */; };
		64C781782BA035B200254A6F /* UserDefaultStoreTests.swift in Sources */ = {isa = PBXBuildFile; fileRef = 64C781772BA035B200254A6F /* UserDefaultStoreTests.swift */; };
		64D0A1002BA2000000000006 /* PokemonCellTests.swift in Sources */ = {isa = PBXBuildFile; fileRef = 64D0A1002BA2000000000005 /* PokemonCellTests.swift */; };
		64D0A1002BA2000000000002 /* PokemonListNavigator.swift in Sources */ = {isa = PBXBuildFile; fileRef = 64D0A1002BA2000000000001 /* PokemonListNavigator.swift */; };
		64D0A1002BA2000000000004 /* PokemonListScene.swift in Sources */ = {isa = PBXBuildFile; fileRef = 64D0A1002BA2000000000003 /* PokemonListScene.swift */; };
		842C184E3179084DCE9C0924 /* UIViewController++Extension.swift in Sources */ = {isa = PBXBuildFile; fileRef = 6F947C971126586BF2007D45 /* UIViewController++Extension.swift */; };
		98E68D1ACFCE45A8B8B7F0D9 /* PokemonDetailStoreTests.swift in Sources */ = {isa = PBXBuildFile; fileRef = CD7359EEF9A249CFBBCFF86C /* PokemonDetailStoreTests.swift */; };
		9D86336F2F789F06D1EA27E2 /* PokemonListViewController.swift in Sources */ = {isa = PBXBuildFile; fileRef = 4A99B84ADEEFFF54559A6C0B /* PokemonListViewController.swift */; };
		A1B2C3D40001400080000001 /* UIResponder++Observe.swift in Sources */ = {isa = PBXBuildFile; fileRef = A1B2C3D40001400080000002 /* UIResponder++Observe.swift */; };
		A1B2C3D40001400080000003 /* UIView++State.swift in Sources */ = {isa = PBXBuildFile; fileRef = A1B2C3D40001400080000004 /* UIView++State.swift */; };
		A1B2C3D40001400080000005 /* ObserveTests.swift in Sources */ = {isa = PBXBuildFile; fileRef = A1B2C3D40001400080000006 /* ObserveTests.swift */; };
		A1B2C3D40002400080000005 /* Alamofire in Frameworks */ = {isa = PBXBuildFile; productRef = A1B2C3D40002400080000003 /* Alamofire */; };
		A1B2C3D40002400080000006 /* Kingfisher in Frameworks */ = {isa = PBXBuildFile; productRef = A1B2C3D40002400080000004 /* Kingfisher */; };
		B1C2D3E40001400080000001 /* PokemonAPIClient.swift in Sources */ = {isa = PBXBuildFile; fileRef = B1C2D3E40001400080000002 /* PokemonAPIClient.swift */; };
		B1C2D3E40001400080000003 /* FavoritesClient.swift in Sources */ = {isa = PBXBuildFile; fileRef = B1C2D3E40001400080000004 /* FavoritesClient.swift */; };
		B1C2D3E40001400080000005 /* Recorder.swift in Sources */ = {isa = PBXBuildFile; fileRef = B1C2D3E40001400080000006 /* Recorder.swift */; };
		B63CF0571010C840730A4627 /* PokemonDetailStore.swift in Sources */ = {isa = PBXBuildFile; fileRef = 9962F7E20605159135136D54 /* PokemonDetailStore.swift */; };
		BCD7818E30904B69965F5E89 /* Stub.swift in Sources */ = {isa = PBXBuildFile; fileRef = D4003C6C0D144AA585EF949B /* Stub.swift */; };
		E777C1AF4B7740709E4D2BA6 /* Dependencies.swift in Sources */ = {isa = PBXBuildFile; fileRef = 05DF2915FE7C4C5AA96D4796 /* Dependencies.swift */; };
/* End PBXBuildFile section */

/* Begin PBXContainerItemProxy section */
		6445D8462B99C43D0028E2C1 /* PBXContainerItemProxy */ = {
			isa = PBXContainerItemProxy;
			containerPortal = 6445D8272B99C43C0028E2C1 /* Project object */;
			proxyType = 1;
			remoteGlobalIDString = 6445D82E2B99C43C0028E2C1;
			remoteInfo = Pokmon;
		};
		6445D8502B99C43D0028E2C1 /* PBXContainerItemProxy */ = {
			isa = PBXContainerItemProxy;
			containerPortal = 6445D8272B99C43C0028E2C1 /* Project object */;
			proxyType = 1;
			remoteGlobalIDString = 6445D82E2B99C43C0028E2C1;
			remoteInfo = Pokmon;
		};
/* End PBXContainerItemProxy section */

/* Begin PBXFileReference section */
		05DF2915FE7C4C5AA96D4796 /* Dependencies.swift */ = {isa = PBXFileReference; lastKnownFileType = sourcecode.swift; path = Dependencies.swift; sourceTree = "<group>"; };
		0D35313B2B9C42AE00A995DE /* PokemonDeatilPageViewController.swift */ = {isa = PBXFileReference; lastKnownFileType = sourcecode.swift; path = PokemonDeatilPageViewController.swift; sourceTree = "<group>"; };
		0D3531422B9C558B00A995DE /* UIView+Extension.swift */ = {isa = PBXFileReference; lastKnownFileType = sourcecode.swift; path = "UIView+Extension.swift"; sourceTree = "<group>"; };
		0D3531462B9C619500A995DE /* UserDefaultStore.swift */ = {isa = PBXFileReference; lastKnownFileType = sourcecode.swift; path = UserDefaultStore.swift; sourceTree = "<group>"; };
		0DD0AB262B9D68A1001A77EE /* PokemonDetailInfoCell.swift */ = {isa = PBXFileReference; lastKnownFileType = sourcecode.swift; path = PokemonDetailInfoCell.swift; sourceTree = "<group>"; };
		0DD0AB272B9D68A1001A77EE /* PokemonDetailInfoCell.xib */ = {isa = PBXFileReference; lastKnownFileType = file.xib; path = PokemonDetailInfoCell.xib; sourceTree = "<group>"; };
		0DD0AB2A2B9D74F6001A77EE /* PokemonSpeciesResponse.swift */ = {isa = PBXFileReference; lastKnownFileType = sourcecode.swift; path = PokemonSpeciesResponse.swift; sourceTree = "<group>"; };
		0DD0AB342B9D78BC001A77EE /* GenderImageCollectionCell.swift */ = {isa = PBXFileReference; lastKnownFileType = sourcecode.swift; path = GenderImageCollectionCell.swift; sourceTree = "<group>"; };
		0DD0AB352B9D78BC001A77EE /* GenderImageCollectionCell.xib */ = {isa = PBXFileReference; lastKnownFileType = file.xib; path = GenderImageCollectionCell.xib; sourceTree = "<group>"; };
		0DD0AB422B9E1049001A77EE /* StatView.swift */ = {isa = PBXFileReference; lastKnownFileType = sourcecode.swift; path = StatView.swift; sourceTree = "<group>"; };
		0DD0AB442B9E1B42001A77EE /* StatTableViewCell.swift */ = {isa = PBXFileReference; lastKnownFileType = sourcecode.swift; path = StatTableViewCell.swift; sourceTree = "<group>"; };
		1955795A053470F9D62CF080 /* PokemonListStore.swift */ = {isa = PBXFileReference; includeInIndex = 1; lastKnownFileType = sourcecode.swift; path = PokemonListStore.swift; sourceTree = "<group>"; };
		4A99B84ADEEFFF54559A6C0B /* PokemonListViewController.swift */ = {isa = PBXFileReference; includeInIndex = 1; lastKnownFileType = sourcecode.swift; path = PokemonListViewController.swift; sourceTree = "<group>"; };
		56C6D1D86DE593B87385EC2A /* AlertState.swift */ = {isa = PBXFileReference; includeInIndex = 1; lastKnownFileType = sourcecode.swift; path = AlertState.swift; sourceTree = "<group>"; };
		6445D82F2B99C43C0028E2C1 /* Pokmon.app */ = {isa = PBXFileReference; explicitFileType = wrapper.application; includeInIndex = 0; path = Pokmon.app; sourceTree = BUILT_PRODUCTS_DIR; };
		6445D8322B99C43C0028E2C1 /* AppDelegate.swift */ = {isa = PBXFileReference; lastKnownFileType = sourcecode.swift; path = AppDelegate.swift; sourceTree = "<group>"; };
		6445D8342B99C43C0028E2C1 /* SceneDelegate.swift */ = {isa = PBXFileReference; lastKnownFileType = sourcecode.swift; path = SceneDelegate.swift; sourceTree = "<group>"; };
		6445D83B2B99C43D0028E2C1 /* Assets.xcassets */ = {isa = PBXFileReference; lastKnownFileType = folder.assetcatalog; path = Assets.xcassets; sourceTree = "<group>"; };
		6445D83E2B99C43D0028E2C1 /* Base */ = {isa = PBXFileReference; lastKnownFileType = file.storyboard; name = Base; path = Base.lproj/LaunchScreen.storyboard; sourceTree = "<group>"; };
		6445D8402B99C43D0028E2C1 /* Info.plist */ = {isa = PBXFileReference; lastKnownFileType = text.plist.xml; path = Info.plist; sourceTree = "<group>"; };
		6445D8452B99C43D0028E2C1 /* PokmonTests.xctest */ = {isa = PBXFileReference; explicitFileType = wrapper.cfbundle; includeInIndex = 0; path = PokmonTests.xctest; sourceTree = BUILT_PRODUCTS_DIR; };
		6445D84F2B99C43D0028E2C1 /* PokmonUITests.xctest */ = {isa = PBXFileReference; explicitFileType = wrapper.cfbundle; includeInIndex = 0; path = PokmonUITests.xctest; sourceTree = BUILT_PRODUCTS_DIR; };
		6445D8532B99C43D0028E2C1 /* PokmonUITests.swift */ = {isa = PBXFileReference; lastKnownFileType = sourcecode.swift; path = PokmonUITests.swift; sourceTree = "<group>"; };
		6445D8552B99C43D0028E2C1 /* PokmonUITestsLaunchTests.swift */ = {isa = PBXFileReference; lastKnownFileType = sourcecode.swift; path = PokmonUITestsLaunchTests.swift; sourceTree = "<group>"; };
		6484A43E2B9F11F1004C5E65 /* UIStackView++Extension.swift */ = {isa = PBXFileReference; lastKnownFileType = sourcecode.swift; path = "UIStackView++Extension.swift"; sourceTree = "<group>"; };
		6484A4422B9F1295004C5E65 /* SpeciesUpdatable.swift */ = {isa = PBXFileReference; lastKnownFileType = sourcecode.swift; path = SpeciesUpdatable.swift; sourceTree = "<group>"; };
		6484A4442B9F12A2004C5E65 /* PokemonShareData.swift */ = {isa = PBXFileReference; lastKnownFileType = sourcecode.swift; path = PokemonShareData.swift; sourceTree = "<group>"; };
		64C766CA2B99C7D6001A7A70 /* Endpoint.swift */ = {isa = PBXFileReference; lastKnownFileType = sourcecode.swift; path = Endpoint.swift; sourceTree = "<group>"; };
		64C766CC2B99C7ED001A7A70 /* NetworkService.swift */ = {isa = PBXFileReference; lastKnownFileType = sourcecode.swift; path = NetworkService.swift; sourceTree = "<group>"; };
		64C766CE2B99C84C001A7A70 /* Encodable++Extension.swift */ = {isa = PBXFileReference; lastKnownFileType = sourcecode.swift; path = "Encodable++Extension.swift"; sourceTree = "<group>"; };
		64C766D02B99C9D1001A7A70 /* PkError.swift */ = {isa = PBXFileReference; lastKnownFileType = sourcecode.swift; path = PkError.swift; sourceTree = "<group>"; };
		64C766D32B99CA54001A7A70 /* PokemonListEndpont.swift */ = {isa = PBXFileReference; lastKnownFileType = sourcecode.swift; path = PokemonListEndpont.swift; sourceTree = "<group>"; };
		64C766D62B99CA73001A7A70 /* PokemonListResponse.swift */ = {isa = PBXFileReference; lastKnownFileType = sourcecode.swift; path = PokemonListResponse.swift; sourceTree = "<group>"; };
		64C766D92B9AAA39001A7A70 /* PokemonEndpoint.swift */ = {isa = PBXFileReference; lastKnownFileType = sourcecode.swift; path = PokemonEndpoint.swift; sourceTree = "<group>"; };
		64C766DB2B9AC0AE001A7A70 /* PokomBaseElementInfo.swift */ = {isa = PBXFileReference; lastKnownFileType = sourcecode.swift; path = PokomBaseElementInfo.swift; sourceTree = "<group>"; };
		64C766DD2B9AE576001A7A70 /* PokmonResponse.swift */ = {isa = PBXFileReference; lastKnownFileType = sourcecode.swift; path = PokmonResponse.swift; sourceTree = "<group>"; };
		64C766DF2B9AE5A0001A7A70 /* UIColor++Extension.swift */ = {isa = PBXFileReference; lastKnownFileType = sourcecode.swift; path = "UIColor++Extension.swift"; sourceTree = "<group>"; };
		64C766E12B9AE8ED001A7A70 /* PokemonSpeciesEndpoint.swift */ = {isa = PBXFileReference; lastKnownFileType = sourcecode.swift; path = PokemonSpeciesEndpoint.swift; sourceTree = "<group>"; };
		64C766E32B9B0E87001A7A70 /* TypeCornerButton.swift */ = {isa = PBXFileReference; lastKnownFileType = sourcecode.swift; path = TypeCornerButton.swift; sourceTree = "<group>"; };
		64C766E62B9B1747001A7A70 /* PokemonCell.swift */ = {isa = PBXFileReference; lastKnownFileType = sourcecode.swift; path = PokemonCell.swift; sourceTree = "<group>"; };
		64C766E82B9B175D001A7A70 /* CellViewModel.swift */ = {isa = PBXFileReference; lastKnownFileType = sourcecode.swift; path = CellViewModel.swift; sourceTree = "<group>"; };
		64C766ED2B9B1DCD001A7A70 /* EmptyView.swift */ = {isa = PBXFileReference; lastKnownFileType = sourcecode.swift; path = EmptyView.swift; sourceTree = "<group>"; };
		64C766EF2B9B1F12001A7A70 /* IndicatorView.swift */ = {isa = PBXFileReference; lastKnownFileType = sourcecode.swift; path = IndicatorView.swift; sourceTree = "<group>"; };
		64C781682BA0330100254A6F /* CellViewModelTests.swift */ = {isa = PBXFileReference; lastKnownFileType = sourcecode.swift; path = CellViewModelTests.swift; sourceTree = "<group>"; };
		64C781772BA035B200254A6F /* UserDefaultStoreTests.swift */ = {isa = PBXFileReference; lastKnownFileType = sourcecode.swift; path = UserDefaultStoreTests.swift; sourceTree = "<group>"; };
		64D0A1002BA2000000000005 /* PokemonCellTests.swift */ = {isa = PBXFileReference; lastKnownFileType = sourcecode.swift; path = PokemonCellTests.swift; sourceTree = "<group>"; };
		64D0A1002BA2000000000001 /* PokemonListNavigator.swift */ = {isa = PBXFileReference; lastKnownFileType = sourcecode.swift; path = PokemonListNavigator.swift; sourceTree = "<group>"; };
		64D0A1002BA2000000000003 /* PokemonListScene.swift */ = {isa = PBXFileReference; lastKnownFileType = sourcecode.swift; path = PokemonListScene.swift; sourceTree = "<group>"; };
		6F947C971126586BF2007D45 /* UIViewController++Extension.swift */ = {isa = PBXFileReference; includeInIndex = 1; lastKnownFileType = sourcecode.swift; path = "UIViewController++Extension.swift"; sourceTree = "<group>"; };
		9962F7E20605159135136D54 /* PokemonDetailStore.swift */ = {isa = PBXFileReference; includeInIndex = 1; lastKnownFileType = sourcecode.swift; path = PokemonDetailStore.swift; sourceTree = "<group>"; };
		A1B2C3D40001400080000002 /* UIResponder++Observe.swift */ = {isa = PBXFileReference; lastKnownFileType = sourcecode.swift; path = "UIResponder++Observe.swift"; sourceTree = "<group>"; };
		A1B2C3D40001400080000004 /* UIView++State.swift */ = {isa = PBXFileReference; lastKnownFileType = sourcecode.swift; path = "UIView++State.swift"; sourceTree = "<group>"; };
		A1B2C3D40001400080000006 /* ObserveTests.swift */ = {isa = PBXFileReference; lastKnownFileType = sourcecode.swift; path = ObserveTests.swift; sourceTree = "<group>"; };
		B1C2D3E40001400080000002 /* PokemonAPIClient.swift */ = {isa = PBXFileReference; lastKnownFileType = sourcecode.swift; path = PokemonAPIClient.swift; sourceTree = "<group>"; };
		B1C2D3E40001400080000004 /* FavoritesClient.swift */ = {isa = PBXFileReference; lastKnownFileType = sourcecode.swift; path = FavoritesClient.swift; sourceTree = "<group>"; };
		B1C2D3E40001400080000006 /* Recorder.swift */ = {isa = PBXFileReference; lastKnownFileType = sourcecode.swift; path = Recorder.swift; sourceTree = "<group>"; };
		BF0CF6E44A304C019C8B0D52 /* PokemonListStoreTests.swift */ = {isa = PBXFileReference; lastKnownFileType = sourcecode.swift; path = PokemonListStoreTests.swift; sourceTree = "<group>"; };
		CD7359EEF9A249CFBBCFF86C /* PokemonDetailStoreTests.swift */ = {isa = PBXFileReference; lastKnownFileType = sourcecode.swift; path = PokemonDetailStoreTests.swift; sourceTree = "<group>"; };
		D4003C6C0D144AA585EF949B /* Stub.swift */ = {isa = PBXFileReference; lastKnownFileType = sourcecode.swift; path = Stub.swift; sourceTree = "<group>"; };
/* End PBXFileReference section */

/* Begin PBXFrameworksBuildPhase section */
		6445D82C2B99C43C0028E2C1 /* Frameworks */ = {
			isa = PBXFrameworksBuildPhase;
			buildActionMask = 2147483647;
			files = (
				A1B2C3D40002400080000005 /* Alamofire in Frameworks */,
				A1B2C3D40002400080000006 /* Kingfisher in Frameworks */,
			);
			runOnlyForDeploymentPostprocessing = 0;
		};
		6445D8422B99C43D0028E2C1 /* Frameworks */ = {
			isa = PBXFrameworksBuildPhase;
			buildActionMask = 2147483647;
			files = (
			);
			runOnlyForDeploymentPostprocessing = 0;
		};
		6445D84C2B99C43D0028E2C1 /* Frameworks */ = {
			isa = PBXFrameworksBuildPhase;
			buildActionMask = 2147483647;
			files = (
			);
			runOnlyForDeploymentPostprocessing = 0;
		};
/* End PBXFrameworksBuildPhase section */

/* Begin PBXGroup section */
		09DE5E18792E478DAEE1766C /* Stub */ = {
			isa = PBXGroup;
			children = (
				D4003C6C0D144AA585EF949B /* Stub.swift */,
			);
			path = Stub;
			sourceTree = "<group>";
		};
		0D35313D2B9C452B00A995DE /* Extension */ = {
			isa = PBXGroup;
			children = (
				64C766CE2B99C84C001A7A70 /* Encodable++Extension.swift */,
				64C766DF2B9AE5A0001A7A70 /* UIColor++Extension.swift */,
				6484A43E2B9F11F1004C5E65 /* UIStackView++Extension.swift */,
				A1B2C3D40001400080000004 /* UIView++State.swift */,
				A1B2C3D40001400080000002 /* UIResponder++Observe.swift */,
				0D3531422B9C558B00A995DE /* UIView+Extension.swift */,
				6F947C971126586BF2007D45 /* UIViewController++Extension.swift */,
			);
			path = Extension;
			sourceTree = "<group>";
		};
		0D3531442B9C617400A995DE /* Model */ = {
			isa = PBXGroup;
			children = (
				0D3531452B9C618700A995DE /* UseCase */,
				B1C2D3E40001400080000000 /* Client */,
				64C766C92B99C7BF001A7A70 /* NetworkService */,
				05DF2915FE7C4C5AA96D4796 /* Dependencies.swift */,
				6484A4422B9F1295004C5E65 /* SpeciesUpdatable.swift */,
				6484A4442B9F12A2004C5E65 /* PokemonShareData.swift */,
				56C6D1D86DE593B87385EC2A /* AlertState.swift */,
			);
			path = Model;
			sourceTree = "<group>";
		};
		0D3531452B9C618700A995DE /* UseCase */ = {
			isa = PBXGroup;
			children = (
				0D3531462B9C619500A995DE /* UserDefaultStore.swift */,
			);
			path = UseCase;
			sourceTree = "<group>";
		};
		0DD0AB382B9DE811001A77EE /* List */ = {
			isa = PBXGroup;
			children = (
				0DD0AB3B2B9DE830001A77EE /* Cell */,
				4A99B84ADEEFFF54559A6C0B /* PokemonListViewController.swift */,
				1955795A053470F9D62CF080 /* PokemonListStore.swift */,
				64D0A1002BA2000000000001 /* PokemonListNavigator.swift */,
				64D0A1002BA2000000000003 /* PokemonListScene.swift */,
			);
			path = List;
			sourceTree = "<group>";
		};
		0DD0AB392B9DE81C001A77EE /* Detail */ = {
			isa = PBXGroup;
			children = (
				0DD0AB3A2B9DE827001A77EE /* Cell */,
				0D35313B2B9C42AE00A995DE /* PokemonDeatilPageViewController.swift */,
				9962F7E20605159135136D54 /* PokemonDetailStore.swift */,
			);
			path = Detail;
			sourceTree = "<group>";
		};
		0DD0AB3A2B9DE827001A77EE /* Cell */ = {
			isa = PBXGroup;
			children = (
				0DD0AB262B9D68A1001A77EE /* PokemonDetailInfoCell.swift */,
				0DD0AB272B9D68A1001A77EE /* PokemonDetailInfoCell.xib */,
				0DD0AB342B9D78BC001A77EE /* GenderImageCollectionCell.swift */,
				0DD0AB352B9D78BC001A77EE /* GenderImageCollectionCell.xib */,
				0DD0AB422B9E1049001A77EE /* StatView.swift */,
				0DD0AB442B9E1B42001A77EE /* StatTableViewCell.swift */,
			);
			path = Cell;
			sourceTree = "<group>";
		};
		0DD0AB3B2B9DE830001A77EE /* Cell */ = {
			isa = PBXGroup;
			children = (
				64C766E62B9B1747001A7A70 /* PokemonCell.swift */,
				64C766E82B9B175D001A7A70 /* CellViewModel.swift */,
			);
			path = Cell;
			sourceTree = "<group>";
		};
		634A8A8DB702F629241A8913 /* Frameworks */ = {
			isa = PBXGroup;
			children = (
			);
			name = Frameworks;
			sourceTree = "<group>";
		};
		6445D8262B99C43C0028E2C1 = {
			isa = PBXGroup;
			children = (
				6445D8312B99C43C0028E2C1 /* Pokmon */,
				6445D8482B99C43D0028E2C1 /* PokmonTests */,
				6445D8522B99C43D0028E2C1 /* PokmonUITests */,
				6445D8302B99C43C0028E2C1 /* Products */,
				634A8A8DB702F629241A8913 /* Frameworks */,
			);
			sourceTree = "<group>";
		};
		6445D8302B99C43C0028E2C1 /* Products */ = {
			isa = PBXGroup;
			children = (
				6445D82F2B99C43C0028E2C1 /* Pokmon.app */,
				6445D8452B99C43D0028E2C1 /* PokmonTests.xctest */,
				6445D84F2B99C43D0028E2C1 /* PokmonUITests.xctest */,
			);
			name = Products;
			sourceTree = "<group>";
		};
		6445D8312B99C43C0028E2C1 /* Pokmon */ = {
			isa = PBXGroup;
			children = (
				6445D8322B99C43C0028E2C1 /* AppDelegate.swift */,
				6445D8342B99C43C0028E2C1 /* SceneDelegate.swift */,
				64C766EC2B9B17BC001A7A70 /* Feature */,
				0D3531442B9C617400A995DE /* Model */,
				6445D83B2B99C43D0028E2C1 /* Assets.xcassets */,
				6445D83D2B99C43D0028E2C1 /* LaunchScreen.storyboard */,
				0D35313D2B9C452B00A995DE /* Extension */,
				6445D8402B99C43D0028E2C1 /* Info.plist */,
			);
			path = Pokmon;
			sourceTree = "<group>";
		};
		6445D8482B99C43D0028E2C1 /* PokmonTests */ = {
			isa = PBXGroup;
			children = (
				09DE5E18792E478DAEE1766C /* Stub */,
				B1C2D3E40001400080000006 /* Recorder.swift */,
				64C781682BA0330100254A6F /* CellViewModelTests.swift */,
				64D0A1002BA2000000000005 /* PokemonCellTests.swift */,
				64C781772BA035B200254A6F /* UserDefaultStoreTests.swift */,
				BF0CF6E44A304C019C8B0D52 /* PokemonListStoreTests.swift */,
				CD7359EEF9A249CFBBCFF86C /* PokemonDetailStoreTests.swift */,
				A1B2C3D40001400080000006 /* ObserveTests.swift */,
			);
			path = PokmonTests;
			sourceTree = "<group>";
		};
		6445D8522B99C43D0028E2C1 /* PokmonUITests */ = {
			isa = PBXGroup;
			children = (
				6445D8532B99C43D0028E2C1 /* PokmonUITests.swift */,
				6445D8552B99C43D0028E2C1 /* PokmonUITestsLaunchTests.swift */,
			);
			path = PokmonUITests;
			sourceTree = "<group>";
		};
		64C766C92B99C7BF001A7A70 /* NetworkService */ = {
			isa = PBXGroup;
			children = (
				64C766D52B99CA68001A7A70 /* Response */,
				64C766D22B99CA2B001A7A70 /* EndPoints */,
				64C766CA2B99C7D6001A7A70 /* Endpoint.swift */,
				64C766CC2B99C7ED001A7A70 /* NetworkService.swift */,
				64C766D02B99C9D1001A7A70 /* PkError.swift */,
			);
			path = NetworkService;
			sourceTree = "<group>";
		};
		64C766D22B99CA2B001A7A70 /* EndPoints */ = {
			isa = PBXGroup;
			children = (
				64C766D32B99CA54001A7A70 /* PokemonListEndpont.swift */,
				64C766E12B9AE8ED001A7A70 /* PokemonSpeciesEndpoint.swift */,
				64C766D92B9AAA39001A7A70 /* PokemonEndpoint.swift */,
			);
			path = EndPoints;
			sourceTree = "<group>";
		};
		64C766D52B99CA68001A7A70 /* Response */ = {
			isa = PBXGroup;
			children = (
				64C766D62B99CA73001A7A70 /* PokemonListResponse.swift */,
				64C766DD2B9AE576001A7A70 /* PokmonResponse.swift */,
				0DD0AB2A2B9D74F6001A77EE /* PokemonSpeciesResponse.swift */,
				64C766DB2B9AC0AE001A7A70 /* PokomBaseElementInfo.swift */,
			);
			path = Response;
			sourceTree = "<group>";
		};
		64C766E52B9B0E97001A7A70 /* UIComponent */ = {
			isa = PBXGroup;
			children = (
				64C766E32B9B0E87001A7A70 /* TypeCornerButton.swift */,
				64C766ED2B9B1DCD001A7A70 /* EmptyView.swift */,
				64C766EF2B9B1F12001A7A70 /* IndicatorView.swift */,
			);
			path = UIComponent;
			sourceTree = "<group>";
		};
		64C766EC2B9B17BC001A7A70 /* Feature */ = {
			isa = PBXGroup;
			children = (
				64C766E52B9B0E97001A7A70 /* UIComponent */,
				0DD0AB382B9DE811001A77EE /* List */,
				0DD0AB392B9DE81C001A77EE /* Detail */,
			);
			path = Feature;
			sourceTree = "<group>";
		};
		B1C2D3E40001400080000000 /* Client */ = {
			isa = PBXGroup;
			children = (
				B1C2D3E40001400080000002 /* PokemonAPIClient.swift */,
				B1C2D3E40001400080000004 /* FavoritesClient.swift */,
			);
			path = Client;
			sourceTree = "<group>";
		};
/* End PBXGroup section */

/* Begin PBXNativeTarget section */
		6445D82E2B99C43C0028E2C1 /* Pokmon */ = {
			isa = PBXNativeTarget;
			buildConfigurationList = 6445D8592B99C43D0028E2C1 /* Build configuration list for PBXNativeTarget "Pokmon" */;
			buildPhases = (
				6445D82B2B99C43C0028E2C1 /* Sources */,
				6445D82C2B99C43C0028E2C1 /* Frameworks */,
				6445D82D2B99C43C0028E2C1 /* Resources */,
			);
			buildRules = (
			);
			dependencies = (
			);
			name = Pokmon;
			packageProductDependencies = (
				A1B2C3D40002400080000003 /* Alamofire */,
				A1B2C3D40002400080000004 /* Kingfisher */,
			);
			productName = Pokmon;
			productReference = 6445D82F2B99C43C0028E2C1 /* Pokmon.app */;
			productType = "com.apple.product-type.application";
		};
		6445D8442B99C43D0028E2C1 /* PokmonTests */ = {
			isa = PBXNativeTarget;
			buildConfigurationList = 6445D85C2B99C43D0028E2C1 /* Build configuration list for PBXNativeTarget "PokmonTests" */;
			buildPhases = (
				6445D8412B99C43D0028E2C1 /* Sources */,
				6445D8422B99C43D0028E2C1 /* Frameworks */,
				6445D8432B99C43D0028E2C1 /* Resources */,
			);
			buildRules = (
			);
			dependencies = (
				6445D8472B99C43D0028E2C1 /* PBXTargetDependency */,
			);
			name = PokmonTests;
			productName = PokmonTests;
			productReference = 6445D8452B99C43D0028E2C1 /* PokmonTests.xctest */;
			productType = "com.apple.product-type.bundle.unit-test";
		};
		6445D84E2B99C43D0028E2C1 /* PokmonUITests */ = {
			isa = PBXNativeTarget;
			buildConfigurationList = 6445D85F2B99C43D0028E2C1 /* Build configuration list for PBXNativeTarget "PokmonUITests" */;
			buildPhases = (
				6445D84B2B99C43D0028E2C1 /* Sources */,
				6445D84C2B99C43D0028E2C1 /* Frameworks */,
				6445D84D2B99C43D0028E2C1 /* Resources */,
			);
			buildRules = (
			);
			dependencies = (
				6445D8512B99C43D0028E2C1 /* PBXTargetDependency */,
			);
			name = PokmonUITests;
			productName = PokmonUITests;
			productReference = 6445D84F2B99C43D0028E2C1 /* PokmonUITests.xctest */;
			productType = "com.apple.product-type.bundle.ui-testing";
		};
/* End PBXNativeTarget section */

/* Begin PBXProject section */
		6445D8272B99C43C0028E2C1 /* Project object */ = {
			isa = PBXProject;
			attributes = {
				BuildIndependentTargetsInParallel = 1;
				LastSwiftUpdateCheck = 1510;
				LastUpgradeCheck = 1510;
				TargetAttributes = {
					6445D82E2B99C43C0028E2C1 = {
						CreatedOnToolsVersion = 15.1;
					};
					6445D8442B99C43D0028E2C1 = {
						CreatedOnToolsVersion = 15.1;
						TestTargetID = 6445D82E2B99C43C0028E2C1;
					};
					6445D84E2B99C43D0028E2C1 = {
						CreatedOnToolsVersion = 15.1;
						TestTargetID = 6445D82E2B99C43C0028E2C1;
					};
				};
			};
			buildConfigurationList = 6445D82A2B99C43C0028E2C1 /* Build configuration list for PBXProject "Pokmon" */;
			compatibilityVersion = "Xcode 14.0";
			developmentRegion = en;
			hasScannedForEncodings = 0;
			knownRegions = (
				en,
				Base,
			);
			mainGroup = 6445D8262B99C43C0028E2C1;
			packageReferences = (
				A1B2C3D40002400080000001 /* XCRemoteSwiftPackageReference "Alamofire" */,
				A1B2C3D40002400080000002 /* XCRemoteSwiftPackageReference "Kingfisher" */,
			);
			productRefGroup = 6445D8302B99C43C0028E2C1 /* Products */;
			projectDirPath = "";
			projectRoot = "";
			targets = (
				6445D82E2B99C43C0028E2C1 /* Pokmon */,
				6445D8442B99C43D0028E2C1 /* PokmonTests */,
				6445D84E2B99C43D0028E2C1 /* PokmonUITests */,
			);
		};
/* End PBXProject section */

/* Begin PBXResourcesBuildPhase section */
		6445D82D2B99C43C0028E2C1 /* Resources */ = {
			isa = PBXResourcesBuildPhase;
			buildActionMask = 2147483647;
			files = (
				6445D83F2B99C43D0028E2C1 /* LaunchScreen.storyboard in Resources */,
				0DD0AB282B9D68A1001A77EE /* PokemonDetailInfoCell.xib in Resources */,
				0DD0AB362B9D78BC001A77EE /* GenderImageCollectionCell.xib in Resources */,
				6445D83C2B99C43D0028E2C1 /* Assets.xcassets in Resources */,
			);
			runOnlyForDeploymentPostprocessing = 0;
		};
		6445D8432B99C43D0028E2C1 /* Resources */ = {
			isa = PBXResourcesBuildPhase;
			buildActionMask = 2147483647;
			files = (
			);
			runOnlyForDeploymentPostprocessing = 0;
		};
		6445D84D2B99C43D0028E2C1 /* Resources */ = {
			isa = PBXResourcesBuildPhase;
			buildActionMask = 2147483647;
			files = (
			);
			runOnlyForDeploymentPostprocessing = 0;
		};
/* End PBXResourcesBuildPhase section */

/* Begin PBXSourcesBuildPhase section */
		6445D82B2B99C43C0028E2C1 /* Sources */ = {
			isa = PBXSourcesBuildPhase;
			buildActionMask = 2147483647;
			files = (
				0D3531472B9C619500A995DE /* UserDefaultStore.swift in Sources */,
				E777C1AF4B7740709E4D2BA6 /* Dependencies.swift in Sources */,
				B1C2D3E40001400080000001 /* PokemonAPIClient.swift in Sources */,
				B1C2D3E40001400080000003 /* FavoritesClient.swift in Sources */,
				64C766D42B99CA54001A7A70 /* PokemonListEndpont.swift in Sources */,
				64C766E02B9AE5A0001A7A70 /* UIColor++Extension.swift in Sources */,
				64C766CD2B99C7ED001A7A70 /* NetworkService.swift in Sources */,
				64C766CF2B99C84C001A7A70 /* Encodable++Extension.swift in Sources */,
				64C766EE2B9B1DCD001A7A70 /* EmptyView.swift in Sources */,
				64C766E72B9B1747001A7A70 /* PokemonCell.swift in Sources */,
				6445D8332B99C43C0028E2C1 /* AppDelegate.swift in Sources */,
				64C766E42B9B0E87001A7A70 /* TypeCornerButton.swift in Sources */,
				6484A4432B9F1295004C5E65 /* SpeciesUpdatable.swift in Sources */,
				64D0A1002BA2000000000002 /* PokemonListNavigator.swift in Sources */,
				64D0A1002BA2000000000004 /* PokemonListScene.swift in Sources */,
				0DD0AB432B9E1049001A77EE /* StatView.swift in Sources */,
				64C766DA2B9AAA39001A7A70 /* PokemonEndpoint.swift in Sources */,
				0DD0AB2B2B9D74F6001A77EE /* PokemonSpeciesResponse.swift in Sources */,
				6484A43F2B9F11F1004C5E65 /* UIStackView++Extension.swift in Sources */,
				A1B2C3D40001400080000003 /* UIView++State.swift in Sources */,
				A1B2C3D40001400080000001 /* UIResponder++Observe.swift in Sources */,
				64C766DE2B9AE576001A7A70 /* PokmonResponse.swift in Sources */,
				0DD0AB452B9E1B42001A77EE /* StatTableViewCell.swift in Sources */,
				64C766E92B9B175D001A7A70 /* CellViewModel.swift in Sources */,
				64C766E22B9AE8ED001A7A70 /* PokemonSpeciesEndpoint.swift in Sources */,
				0DD0AB372B9D78BC001A77EE /* GenderImageCollectionCell.swift in Sources */,
				64C766F02B9B1F12001A7A70 /* IndicatorView.swift in Sources */,
				6484A4452B9F12A2004C5E65 /* PokemonShareData.swift in Sources */,
				64C766D72B99CA73001A7A70 /* PokemonListResponse.swift in Sources */,
				0D3531432B9C558B00A995DE /* UIView+Extension.swift in Sources */,
				64C766CB2B99C7D6001A7A70 /* Endpoint.swift in Sources */,
				64C766DC2B9AC0AE001A7A70 /* PokomBaseElementInfo.swift in Sources */,
				0DD0AB292B9D68A1001A77EE /* PokemonDetailInfoCell.swift in Sources */,
				64C766D12B99C9D1001A7A70 /* PkError.swift in Sources */,
				0D35313C2B9C42AE00A995DE /* PokemonDeatilPageViewController.swift in Sources */,
				6445D8352B99C43C0028E2C1 /* SceneDelegate.swift in Sources */,
				58380CB24F8FD1B8190E654C /* PokemonListStore.swift in Sources */,
				9D86336F2F789F06D1EA27E2 /* PokemonListViewController.swift in Sources */,
				61799C686A9621AD75D2F09E /* AlertState.swift in Sources */,
				842C184E3179084DCE9C0924 /* UIViewController++Extension.swift in Sources */,
				B63CF0571010C840730A4627 /* PokemonDetailStore.swift in Sources */,
			);
			runOnlyForDeploymentPostprocessing = 0;
		};
		6445D8412B99C43D0028E2C1 /* Sources */ = {
			isa = PBXSourcesBuildPhase;
			buildActionMask = 2147483647;
			files = (
				64C781782BA035B200254A6F /* UserDefaultStoreTests.swift in Sources */,
				64C781692BA0330100254A6F /* CellViewModelTests.swift in Sources */,
				64D0A1002BA2000000000006 /* PokemonCellTests.swift in Sources */,
				BCD7818E30904B69965F5E89 /* Stub.swift in Sources */,
				B1C2D3E40001400080000005 /* Recorder.swift in Sources */,
				263EDB94AFB64BFD878B2D13 /* PokemonListStoreTests.swift in Sources */,
				98E68D1ACFCE45A8B8B7F0D9 /* PokemonDetailStoreTests.swift in Sources */,
				A1B2C3D40001400080000005 /* ObserveTests.swift in Sources */,
			);
			runOnlyForDeploymentPostprocessing = 0;
		};
		6445D84B2B99C43D0028E2C1 /* Sources */ = {
			isa = PBXSourcesBuildPhase;
			buildActionMask = 2147483647;
			files = (
				6445D8562B99C43D0028E2C1 /* PokmonUITestsLaunchTests.swift in Sources */,
				6445D8542B99C43D0028E2C1 /* PokmonUITests.swift in Sources */,
			);
			runOnlyForDeploymentPostprocessing = 0;
		};
/* End PBXSourcesBuildPhase section */

/* Begin PBXTargetDependency section */
		6445D8472B99C43D0028E2C1 /* PBXTargetDependency */ = {
			isa = PBXTargetDependency;
			target = 6445D82E2B99C43C0028E2C1 /* Pokmon */;
			targetProxy = 6445D8462B99C43D0028E2C1 /* PBXContainerItemProxy */;
		};
		6445D8512B99C43D0028E2C1 /* PBXTargetDependency */ = {
			isa = PBXTargetDependency;
			target = 6445D82E2B99C43C0028E2C1 /* Pokmon */;
			targetProxy = 6445D8502B99C43D0028E2C1 /* PBXContainerItemProxy */;
		};
/* End PBXTargetDependency section */

/* Begin PBXVariantGroup section */
		6445D83D2B99C43D0028E2C1 /* LaunchScreen.storyboard */ = {
			isa = PBXVariantGroup;
			children = (
				6445D83E2B99C43D0028E2C1 /* Base */,
			);
			name = LaunchScreen.storyboard;
			sourceTree = "<group>";
		};
/* End PBXVariantGroup section */

/* Begin XCBuildConfiguration section */
		6445D8572B99C43D0028E2C1 /* Debug */ = {
			isa = XCBuildConfiguration;
			buildSettings = {
				ALWAYS_SEARCH_USER_PATHS = NO;
				ASSETCATALOG_COMPILER_GENERATE_SWIFT_ASSET_SYMBOL_EXTENSIONS = YES;
				CLANG_ANALYZER_NONNULL = YES;
				CLANG_ANALYZER_NUMBER_OBJECT_CONVERSION = YES_AGGRESSIVE;
				CLANG_CXX_LANGUAGE_STANDARD = "gnu++20";
				CLANG_ENABLE_MODULES = YES;
				CLANG_ENABLE_OBJC_ARC = YES;
				CLANG_ENABLE_OBJC_WEAK = YES;
				CLANG_WARN_BLOCK_CAPTURE_AUTORELEASING = YES;
				CLANG_WARN_BOOL_CONVERSION = YES;
				CLANG_WARN_COMMA = YES;
				CLANG_WARN_CONSTANT_CONVERSION = YES;
				CLANG_WARN_DEPRECATED_OBJC_IMPLEMENTATIONS = YES;
				CLANG_WARN_DIRECT_OBJC_ISA_USAGE = YES_ERROR;
				CLANG_WARN_DOCUMENTATION_COMMENTS = YES;
				CLANG_WARN_EMPTY_BODY = YES;
				CLANG_WARN_ENUM_CONVERSION = YES;
				CLANG_WARN_INFINITE_RECURSION = YES;
				CLANG_WARN_INT_CONVERSION = YES;
				CLANG_WARN_NON_LITERAL_NULL_CONVERSION = YES;
				CLANG_WARN_OBJC_IMPLICIT_RETAIN_SELF = YES;
				CLANG_WARN_OBJC_LITERAL_CONVERSION = YES;
				CLANG_WARN_OBJC_ROOT_CLASS = YES_ERROR;
				CLANG_WARN_QUOTED_INCLUDE_IN_FRAMEWORK_HEADER = YES;
				CLANG_WARN_RANGE_LOOP_ANALYSIS = YES;
				CLANG_WARN_STRICT_PROTOTYPES = YES;
				CLANG_WARN_SUSPICIOUS_MOVE = YES;
				CLANG_WARN_UNGUARDED_AVAILABILITY = YES_AGGRESSIVE;
				CLANG_WARN_UNREACHABLE_CODE = YES;
				CLANG_WARN__DUPLICATE_METHOD_MATCH = YES;
				COPY_PHASE_STRIP = NO;
				DEBUG_INFORMATION_FORMAT = dwarf;
				ENABLE_STRICT_OBJC_MSGSEND = YES;
				ENABLE_TESTABILITY = YES;
				ENABLE_USER_SCRIPT_SANDBOXING = YES;
				GCC_C_LANGUAGE_STANDARD = gnu17;
				GCC_DYNAMIC_NO_PIC = NO;
				GCC_NO_COMMON_BLOCKS = YES;
				GCC_OPTIMIZATION_LEVEL = 0;
				GCC_PREPROCESSOR_DEFINITIONS = (
					"DEBUG=1",
					"$(inherited)",
				);
				GCC_WARN_64_TO_32_BIT_CONVERSION = YES;
				GCC_WARN_ABOUT_RETURN_TYPE = YES_ERROR;
				GCC_WARN_UNDECLARED_SELECTOR = YES;
				GCC_WARN_UNINITIALIZED_AUTOS = YES_AGGRESSIVE;
				GCC_WARN_UNUSED_FUNCTION = YES;
				GCC_WARN_UNUSED_VARIABLE = YES;
				IPHONEOS_DEPLOYMENT_TARGET = 17.2;
				LOCALIZATION_PREFERS_STRING_CATALOGS = YES;
				MTL_ENABLE_DEBUG_INFO = INCLUDE_SOURCE;
				MTL_FAST_MATH = YES;
				ONLY_ACTIVE_ARCH = YES;
				SDKROOT = iphoneos;
				SWIFT_ACTIVE_COMPILATION_CONDITIONS = "DEBUG $(inherited)";
				SWIFT_OPTIMIZATION_LEVEL = "-Onone";
			};
			name = Debug;
		};
		6445D8582B99C43D0028E2C1 /* Release */ = {
			isa = XCBuildConfiguration;
			buildSettings = {
				ALWAYS_SEARCH_USER_PATHS = NO;
				ASSETCATALOG_COMPILER_GENERATE_SWIFT_ASSET_SYMBOL_EXTENSIONS = YES;
				CLANG_ANALYZER_NONNULL = YES;
				CLANG_ANALYZER_NUMBER_OBJECT_CONVERSION = YES_AGGRESSIVE;
				CLANG_CXX_LANGUAGE_STANDARD = "gnu++20";
				CLANG_ENABLE_MODULES = YES;
				CLANG_ENABLE_OBJC_ARC = YES;
				CLANG_ENABLE_OBJC_WEAK = YES;
				CLANG_WARN_BLOCK_CAPTURE_AUTORELEASING = YES;
				CLANG_WARN_BOOL_CONVERSION = YES;
				CLANG_WARN_COMMA = YES;
				CLANG_WARN_CONSTANT_CONVERSION = YES;
				CLANG_WARN_DEPRECATED_OBJC_IMPLEMENTATIONS = YES;
				CLANG_WARN_DIRECT_OBJC_ISA_USAGE = YES_ERROR;
				CLANG_WARN_DOCUMENTATION_COMMENTS = YES;
				CLANG_WARN_EMPTY_BODY = YES;
				CLANG_WARN_ENUM_CONVERSION = YES;
				CLANG_WARN_INFINITE_RECURSION = YES;
				CLANG_WARN_INT_CONVERSION = YES;
				CLANG_WARN_NON_LITERAL_NULL_CONVERSION = YES;
				CLANG_WARN_OBJC_IMPLICIT_RETAIN_SELF = YES;
				CLANG_WARN_OBJC_LITERAL_CONVERSION = YES;
				CLANG_WARN_OBJC_ROOT_CLASS = YES_ERROR;
				CLANG_WARN_QUOTED_INCLUDE_IN_FRAMEWORK_HEADER = YES;
				CLANG_WARN_RANGE_LOOP_ANALYSIS = YES;
				CLANG_WARN_STRICT_PROTOTYPES = YES;
				CLANG_WARN_SUSPICIOUS_MOVE = YES;
				CLANG_WARN_UNGUARDED_AVAILABILITY = YES_AGGRESSIVE;
				CLANG_WARN_UNREACHABLE_CODE = YES;
				CLANG_WARN__DUPLICATE_METHOD_MATCH = YES;
				COPY_PHASE_STRIP = NO;
				DEBUG_INFORMATION_FORMAT = "dwarf-with-dsym";
				ENABLE_NS_ASSERTIONS = NO;
				ENABLE_STRICT_OBJC_MSGSEND = YES;
				ENABLE_USER_SCRIPT_SANDBOXING = YES;
				GCC_C_LANGUAGE_STANDARD = gnu17;
				GCC_NO_COMMON_BLOCKS = YES;
				GCC_WARN_64_TO_32_BIT_CONVERSION = YES;
				GCC_WARN_ABOUT_RETURN_TYPE = YES_ERROR;
				GCC_WARN_UNDECLARED_SELECTOR = YES;
				GCC_WARN_UNINITIALIZED_AUTOS = YES_AGGRESSIVE;
				GCC_WARN_UNUSED_FUNCTION = YES;
				GCC_WARN_UNUSED_VARIABLE = YES;
				IPHONEOS_DEPLOYMENT_TARGET = 17.2;
				LOCALIZATION_PREFERS_STRING_CATALOGS = YES;
				MTL_ENABLE_DEBUG_INFO = NO;
				MTL_FAST_MATH = YES;
				SDKROOT = iphoneos;
				SWIFT_COMPILATION_MODE = wholemodule;
				VALIDATE_PRODUCT = YES;
			};
			name = Release;
		};
		6445D85A2B99C43D0028E2C1 /* Debug */ = {
			isa = XCBuildConfiguration;
			buildSettings = {
				ASSETCATALOG_COMPILER_APPICON_NAME = AppIcon;
				ASSETCATALOG_COMPILER_GLOBAL_ACCENT_COLOR_NAME = AccentColor;
				CODE_SIGN_STYLE = Automatic;
				CURRENT_PROJECT_VERSION = 1;
				DEVELOPMENT_TEAM = B4465P4QBZ;
				ENABLE_USER_SCRIPT_SANDBOXING = NO;
				GENERATE_INFOPLIST_FILE = YES;
				INFOPLIST_FILE = Pokmon/Info.plist;
				INFOPLIST_KEY_UIApplicationSupportsIndirectInputEvents = YES;
				INFOPLIST_KEY_UILaunchStoryboardName = LaunchScreen;
				INFOPLIST_KEY_UISupportedInterfaceOrientations_iPad = "UIInterfaceOrientationPortrait UIInterfaceOrientationPortraitUpsideDown UIInterfaceOrientationLandscapeLeft UIInterfaceOrientationLandscapeRight";
				INFOPLIST_KEY_UISupportedInterfaceOrientations_iPhone = "UIInterfaceOrientationPortrait UIInterfaceOrientationLandscapeLeft UIInterfaceOrientationLandscapeRight";
				LD_RUNPATH_SEARCH_PATHS = (
					"$(inherited)",
					"@executable_path/Frameworks",
				);
				MARKETING_VERSION = 1.0;
				PRODUCT_BUNDLE_IDENTIFIER = com.drake.Pokmon;
				PRODUCT_NAME = "$(TARGET_NAME)";
				SWIFT_EMIT_LOC_STRINGS = YES;
				SWIFT_VERSION = 6.0;
				TARGETED_DEVICE_FAMILY = "1,2";
			};
			name = Debug;
		};
		6445D85B2B99C43D0028E2C1 /* Release */ = {
			isa = XCBuildConfiguration;
			buildSettings = {
				ASSETCATALOG_COMPILER_APPICON_NAME = AppIcon;
				ASSETCATALOG_COMPILER_GLOBAL_ACCENT_COLOR_NAME = AccentColor;
				CODE_SIGN_STYLE = Automatic;
				CURRENT_PROJECT_VERSION = 1;
				DEVELOPMENT_TEAM = B4465P4QBZ;
				ENABLE_USER_SCRIPT_SANDBOXING = NO;
				GENERATE_INFOPLIST_FILE = YES;
				INFOPLIST_FILE = Pokmon/Info.plist;
				INFOPLIST_KEY_UIApplicationSupportsIndirectInputEvents = YES;
				INFOPLIST_KEY_UILaunchStoryboardName = LaunchScreen;
				INFOPLIST_KEY_UISupportedInterfaceOrientations_iPad = "UIInterfaceOrientationPortrait UIInterfaceOrientationPortraitUpsideDown UIInterfaceOrientationLandscapeLeft UIInterfaceOrientationLandscapeRight";
				INFOPLIST_KEY_UISupportedInterfaceOrientations_iPhone = "UIInterfaceOrientationPortrait UIInterfaceOrientationLandscapeLeft UIInterfaceOrientationLandscapeRight";
				LD_RUNPATH_SEARCH_PATHS = (
					"$(inherited)",
					"@executable_path/Frameworks",
				);
				MARKETING_VERSION = 1.0;
				PRODUCT_BUNDLE_IDENTIFIER = com.drake.Pokmon;
				PRODUCT_NAME = "$(TARGET_NAME)";
				SWIFT_EMIT_LOC_STRINGS = YES;
				SWIFT_VERSION = 6.0;
				TARGETED_DEVICE_FAMILY = "1,2";
			};
			name = Release;
		};
		6445D85D2B99C43D0028E2C1 /* Debug */ = {
			isa = XCBuildConfiguration;
			buildSettings = {
				ALWAYS_EMBED_SWIFT_STANDARD_LIBRARIES = YES;
				BUNDLE_LOADER = "$(TEST_HOST)";
				CODE_SIGN_STYLE = Automatic;
				CURRENT_PROJECT_VERSION = 1;
				DEVELOPMENT_TEAM = B4465P4QBZ;
				ENABLE_USER_SCRIPT_SANDBOXING = NO;
				GENERATE_INFOPLIST_FILE = YES;
				IPHONEOS_DEPLOYMENT_TARGET = 17.2;
				MARKETING_VERSION = 1.0;
				PRODUCT_BUNDLE_IDENTIFIER = com.drake.PokmonTests;
				PRODUCT_NAME = "$(TARGET_NAME)";
				SWIFT_EMIT_LOC_STRINGS = NO;
				SWIFT_VERSION = 6.0;
				TARGETED_DEVICE_FAMILY = "1,2";
				TEST_HOST = "$(BUILT_PRODUCTS_DIR)/Pokmon.app/$(BUNDLE_EXECUTABLE_FOLDER_PATH)/Pokmon";
			};
			name = Debug;
		};
		6445D85E2B99C43D0028E2C1 /* Release */ = {
			isa = XCBuildConfiguration;
			buildSettings = {
				ALWAYS_EMBED_SWIFT_STANDARD_LIBRARIES = YES;
				BUNDLE_LOADER = "$(TEST_HOST)";
				CODE_SIGN_STYLE = Automatic;
				CURRENT_PROJECT_VERSION = 1;
				DEVELOPMENT_TEAM = B4465P4QBZ;
				ENABLE_USER_SCRIPT_SANDBOXING = NO;
				GENERATE_INFOPLIST_FILE = YES;
				IPHONEOS_DEPLOYMENT_TARGET = 17.2;
				MARKETING_VERSION = 1.0;
				PRODUCT_BUNDLE_IDENTIFIER = com.drake.PokmonTests;
				PRODUCT_NAME = "$(TARGET_NAME)";
				SWIFT_EMIT_LOC_STRINGS = NO;
				SWIFT_VERSION = 6.0;
				TARGETED_DEVICE_FAMILY = "1,2";
				TEST_HOST = "$(BUILT_PRODUCTS_DIR)/Pokmon.app/$(BUNDLE_EXECUTABLE_FOLDER_PATH)/Pokmon";
			};
			name = Release;
		};
		6445D8602B99C43D0028E2C1 /* Debug */ = {
			isa = XCBuildConfiguration;
			buildSettings = {
				ALWAYS_EMBED_SWIFT_STANDARD_LIBRARIES = YES;
				CODE_SIGN_STYLE = Automatic;
				CURRENT_PROJECT_VERSION = 1;
				DEVELOPMENT_TEAM = B4465P4QBZ;
				ENABLE_USER_SCRIPT_SANDBOXING = NO;
				GENERATE_INFOPLIST_FILE = YES;
				MARKETING_VERSION = 1.0;
				PRODUCT_BUNDLE_IDENTIFIER = com.drake.PokmonUITests;
				PRODUCT_NAME = "$(TARGET_NAME)";
				SWIFT_EMIT_LOC_STRINGS = NO;
				SWIFT_VERSION = 6.0;
				TARGETED_DEVICE_FAMILY = "1,2";
				TEST_TARGET_NAME = Pokmon;
			};
			name = Debug;
		};
		6445D8612B99C43D0028E2C1 /* Release */ = {
			isa = XCBuildConfiguration;
			buildSettings = {
				ALWAYS_EMBED_SWIFT_STANDARD_LIBRARIES = YES;
				CODE_SIGN_STYLE = Automatic;
				CURRENT_PROJECT_VERSION = 1;
				DEVELOPMENT_TEAM = B4465P4QBZ;
				ENABLE_USER_SCRIPT_SANDBOXING = NO;
				GENERATE_INFOPLIST_FILE = YES;
				MARKETING_VERSION = 1.0;
				PRODUCT_BUNDLE_IDENTIFIER = com.drake.PokmonUITests;
				PRODUCT_NAME = "$(TARGET_NAME)";
				SWIFT_EMIT_LOC_STRINGS = NO;
				SWIFT_VERSION = 6.0;
				TARGETED_DEVICE_FAMILY = "1,2";
				TEST_TARGET_NAME = Pokmon;
			};
			name = Release;
		};
/* End XCBuildConfiguration section */

/* Begin XCConfigurationList section */
		6445D82A2B99C43C0028E2C1 /* Build configuration list for PBXProject "Pokmon" */ = {
			isa = XCConfigurationList;
			buildConfigurations = (
				6445D8572B99C43D0028E2C1 /* Debug */,
				6445D8582B99C43D0028E2C1 /* Release */,
			);
			defaultConfigurationIsVisible = 0;
			defaultConfigurationName = Release;
		};
		6445D8592B99C43D0028E2C1 /* Build configuration list for PBXNativeTarget "Pokmon" */ = {
			isa = XCConfigurationList;
			buildConfigurations = (
				6445D85A2B99C43D0028E2C1 /* Debug */,
				6445D85B2B99C43D0028E2C1 /* Release */,
			);
			defaultConfigurationIsVisible = 0;
			defaultConfigurationName = Release;
		};
		6445D85C2B99C43D0028E2C1 /* Build configuration list for PBXNativeTarget "PokmonTests" */ = {
			isa = XCConfigurationList;
			buildConfigurations = (
				6445D85D2B99C43D0028E2C1 /* Debug */,
				6445D85E2B99C43D0028E2C1 /* Release */,
			);
			defaultConfigurationIsVisible = 0;
			defaultConfigurationName = Release;
		};
		6445D85F2B99C43D0028E2C1 /* Build configuration list for PBXNativeTarget "PokmonUITests" */ = {
			isa = XCConfigurationList;
			buildConfigurations = (
				6445D8602B99C43D0028E2C1 /* Debug */,
				6445D8612B99C43D0028E2C1 /* Release */,
			);
			defaultConfigurationIsVisible = 0;
			defaultConfigurationName = Release;
		};
/* End XCConfigurationList section */

/* Begin XCRemoteSwiftPackageReference section */
		A1B2C3D40002400080000001 /* XCRemoteSwiftPackageReference "Alamofire" */ = {
			isa = XCRemoteSwiftPackageReference;
			repositoryURL = "https://github.com/Alamofire/Alamofire.git";
			requirement = {
				kind = exactVersion;
				version = 5.8.1;
			};
		};
		A1B2C3D40002400080000002 /* XCRemoteSwiftPackageReference "Kingfisher" */ = {
			isa = XCRemoteSwiftPackageReference;
			repositoryURL = "https://github.com/onevcat/Kingfisher.git";
			requirement = {
				kind = exactVersion;
				version = 7.11.0;
			};
		};
/* End XCRemoteSwiftPackageReference section */

/* Begin XCSwiftPackageProductDependency section */
		A1B2C3D40002400080000003 /* Alamofire */ = {
			isa = XCSwiftPackageProductDependency;
			package = A1B2C3D40002400080000001 /* XCRemoteSwiftPackageReference "Alamofire" */;
			productName = Alamofire;
		};
		A1B2C3D40002400080000004 /* Kingfisher */ = {
			isa = XCSwiftPackageProductDependency;
			package = A1B2C3D40002400080000002 /* XCRemoteSwiftPackageReference "Kingfisher" */;
			productName = Kingfisher;
		};
/* End XCSwiftPackageProductDependency section */
	};
	rootObject = 6445D8272B99C43C0028E2C1 /* Project object */;
}
